// !$*UTF8*$!
{
	archiveVersion = 1;
	classes = {
	};
	objectVersion = 48;
	objects = {

/* Begin PBXBuildFile section */
		0210AF012088BDC6002845EA /* AppDelegate.swift in Sources */ = {isa = PBXBuildFile; fileRef = 0210AF002088BDC6002845EA /* AppDelegate.swift */; };
		0210AF032088BDC6002845EA /* ViewController.swift in Sources */ = {isa = PBXBuildFile; fileRef = 0210AF022088BDC6002845EA /* ViewController.swift */; };
		0210AF062088BDC6002845EA /* Main.storyboard in Resources */ = {isa = PBXBuildFile; fileRef = 0210AF042088BDC6002845EA /* Main.storyboard */; };
		0210AF082088BDC6002845EA /* Assets.xcassets in Resources */ = {isa = PBXBuildFile; fileRef = 0210AF072088BDC6002845EA /* Assets.xcassets */; };
		0210AF0B2088BDC6002845EA /* LaunchScreen.storyboard in Resources */ = {isa = PBXBuildFile; fileRef = 0210AF092088BDC6002845EA /* LaunchScreen.storyboard */; };
		0210AF172088C3BA002845EA /* InfoPlist.strings in Resources */ = {isa = PBXBuildFile; fileRef = 0210AF162088C3BA002845EA /* InfoPlist.strings */; };
		0210AF1F2088C56B002845EA /* RootViewController.swift in Sources */ = {isa = PBXBuildFile; fileRef = 0210AF1E2088C56B002845EA /* RootViewController.swift */; };
		029409C420899251004B0AE7 /* BaseAcctViewController.swift in Sources */ = {isa = PBXBuildFile; fileRef = 029409C320899251004B0AE7 /* BaseAcctViewController.swift */; };
		029409C620899260004B0AE7 /* BaseOrderViewController.swift in Sources */ = {isa = PBXBuildFile; fileRef = 029409C520899260004B0AE7 /* BaseOrderViewController.swift */; };
		029409C820899272004B0AE7 /* BaseBarViewController.swift in Sources */ = {isa = PBXBuildFile; fileRef = 029409C720899272004B0AE7 /* BaseBarViewController.swift */; };
		029409CF2089D091004B0AE7 /* BaseBarListViewModel.swift in Sources */ = {isa = PBXBuildFile; fileRef = 029409CE2089D091004B0AE7 /* BaseBarListViewModel.swift */; };
		029409D22089D1BD004B0AE7 /* PublicListViewModel.swift in Sources */ = {isa = PBXBuildFile; fileRef = 029409D12089D1BD004B0AE7 /* PublicListViewModel.swift */; };
		029409D42089DEE6004B0AE7 /* BaseBarCollectCell.swift in Sources */ = {isa = PBXBuildFile; fileRef = 029409D32089DEE6004B0AE7 /* BaseBarCollectCell.swift */; };
		029409D72089E55F004B0AE7 /* PublicOrderTreasureConfigure.swift in Sources */ = {isa = PBXBuildFile; fileRef = 029409D62089E55F004B0AE7 /* PublicOrderTreasureConfigure.swift */; };
		029409D92089EC34004B0AE7 /* BaseBarDataModel.swift in Sources */ = {isa = PBXBuildFile; fileRef = 029409D82089EC34004B0AE7 /* BaseBarDataModel.swift */; };
		B7BA29C7A8466F08061FA2BA /* Pods_OrderTreasure.framework in Frameworks */ = {isa = PBXBuildFile; fileRef = 62721FA19F98295F872E0B33 /* Pods_OrderTreasure.framework */; };
/* End PBXBuildFile section */

/* Begin PBXFileReference section */
		0210AEFD2088BDC6002845EA /* OrderTreasure.app */ = {isa = PBXFileReference; explicitFileType = wrapper.application; includeInIndex = 0; path = OrderTreasure.app; sourceTree = BUILT_PRODUCTS_DIR; };
		0210AF002088BDC6002845EA /* AppDelegate.swift */ = {isa = PBXFileReference; lastKnownFileType = sourcecode.swift; path = AppDelegate.swift; sourceTree = "<group>"; };
		0210AF022088BDC6002845EA /* ViewController.swift */ = {isa = PBXFileReference; lastKnownFileType = sourcecode.swift; path = ViewController.swift; sourceTree = "<group>"; };
		0210AF052088BDC6002845EA /* Base */ = {isa = PBXFileReference; lastKnownFileType = file.storyboard; name = Base; path = Base.lproj/Main.storyboard; sourceTree = "<group>"; };
		0210AF072088BDC6002845EA /* Assets.xcassets */ = {isa = PBXFileReference; lastKnownFileType = folder.assetcatalog; path = Assets.xcassets; sourceTree = "<group>"; };
		0210AF0A2088BDC6002845EA /* Base */ = {isa = PBXFileReference; lastKnownFileType = file.storyboard; name = Base; path = Base.lproj/LaunchScreen.storyboard; sourceTree = "<group>"; };
		0210AF0C2088BDC6002845EA /* Info.plist */ = {isa = PBXFileReference; lastKnownFileType = text.plist.xml; path = Info.plist; sourceTree = "<group>"; };
		0210AF142088C354002845EA /* zh-Hans */ = {isa = PBXFileReference; lastKnownFileType = text.plist.strings; name = "zh-Hans"; path = "zh-Hans.lproj/Main.strings"; sourceTree = "<group>"; };
		0210AF152088C354002845EA /* zh-Hans */ = {isa = PBXFileReference; lastKnownFileType = text.plist.strings; name = "zh-Hans"; path = "zh-Hans.lproj/LaunchScreen.strings"; sourceTree = "<group>"; };
		0210AF162088C3BA002845EA /* InfoPlist.strings */ = {isa = PBXFileReference; lastKnownFileType = text.plist.strings; path = InfoPlist.strings; sourceTree = "<group>"; };
		0210AF1E2088C56B002845EA /* RootViewController.swift */ = {isa = PBXFileReference; lastKnownFileType = sourcecode.swift; path = RootViewController.swift; sourceTree = "<group>"; };
		029409BB20898724004B0AE7 /* PublicBridgeHeader.h */ = {isa = PBXFileReference; lastKnownFileType = sourcecode.c.h; path = PublicBridgeHeader.h; sourceTree = "<group>"; };
		029409C320899251004B0AE7 /* BaseAcctViewController.swift */ = {isa = PBXFileReference; lastKnownFileType = sourcecode.swift; path = BaseAcctViewController.swift; sourceTree = "<group>"; };
		029409C520899260004B0AE7 /* BaseOrderViewController.swift */ = {isa = PBXFileReference; lastKnownFileType = sourcecode.swift; path = BaseOrderViewController.swift; sourceTree = "<group>"; };
		029409C720899272004B0AE7 /* BaseBarViewController.swift */ = {isa = PBXFileReference; lastKnownFileType = sourcecode.swift; path = BaseBarViewController.swift; sourceTree = "<group>"; };
		029409CE2089D091004B0AE7 /* BaseBarListViewModel.swift */ = {isa = PBXFileReference; lastKnownFileType = sourcecode.swift; path = BaseBarListViewModel.swift; sourceTree = "<group>"; };
		029409D12089D1BD004B0AE7 /* PublicListViewModel.swift */ = {isa = PBXFileReference; lastKnownFileType = sourcecode.swift; path = PublicListViewModel.swift; sourceTree = "<group>"; };
		029409D32089DEE6004B0AE7 /* BaseBarCollectCell.swift */ = {isa = PBXFileReference; lastKnownFileType = sourcecode.swift; path = BaseBarCollectCell.swift; sourceTree = "<group>"; };
		029409D62089E55F004B0AE7 /* PublicOrderTreasureConfigure.swift */ = {isa = PBXFileReference; lastKnownFileType = sourcecode.swift; path = PublicOrderTreasureConfigure.swift; sourceTree = "<group>"; };
		029409D82089EC34004B0AE7 /* BaseBarDataModel.swift */ = {isa = PBXFileReference; lastKnownFileType = sourcecode.swift; path = BaseBarDataModel.swift; sourceTree = "<group>"; };
		5BA7E8BFA28B630BE51D8ADC /* Pods-OrderTreasure.release.xcconfig */ = {isa = PBXFileReference; includeInIndex = 1; lastKnownFileType = text.xcconfig; name = "Pods-OrderTreasure.release.xcconfig"; path = "Pods/Target Support Files/Pods-OrderTreasure/Pods-OrderTreasure.release.xcconfig"; sourceTree = "<group>"; };
		62721FA19F98295F872E0B33 /* Pods_OrderTreasure.framework */ = {isa = PBXFileReference; explicitFileType = wrapper.framework; includeInIndex = 0; path = Pods_OrderTreasure.framework; sourceTree = BUILT_PRODUCTS_DIR; };
		A04F128BFD83F7A9B01F982B /* Pods-OrderTreasure.debug.xcconfig */ = {isa = PBXFileReference; includeInIndex = 1; lastKnownFileType = text.xcconfig; name = "Pods-OrderTreasure.debug.xcconfig"; path = "Pods/Target Support Files/Pods-OrderTreasure/Pods-OrderTreasure.debug.xcconfig"; sourceTree = "<group>"; };
/* End PBXFileReference section */

/* Begin PBXFrameworksBuildPhase section */
		0210AEFA2088BDC6002845EA /* Frameworks */ = {
			isa = PBXFrameworksBuildPhase;
			buildActionMask = 2147483647;
			files = (
				B7BA29C7A8466F08061FA2BA /* Pods_OrderTreasure.framework in Frameworks */,
			);
			runOnlyForDeploymentPostprocessing = 0;
		};
/* End PBXFrameworksBuildPhase section */

/* Begin PBXGroup section */
		0210AEF42088BDC6002845EA = {
			isa = PBXGroup;
			children = (
				0210AEFF2088BDC6002845EA /* OrderTreasure */,
				0210AEFE2088BDC6002845EA /* Products */,
				CFE2A131B9C1F8C4ADA96F9F /* Pods */,
				5DB816322D56770621BEFC8A /* Frameworks */,
			);
			sourceTree = "<group>";
		};
		0210AEFE2088BDC6002845EA /* Products */ = {
			isa = PBXGroup;
			children = (
				0210AEFD2088BDC6002845EA /* OrderTreasure.app */,
			);
			name = Products;
			sourceTree = "<group>";
		};
		0210AEFF2088BDC6002845EA /* OrderTreasure */ = {
			isa = PBXGroup;
			children = (
				029409D52089E536004B0AE7 /* PrefixHeader */,
				0210AF192088C4A4002845EA /* CodeFeed */,
				0210AF122088C187002845EA /* Utils */,
				0210AF132088C19B002845EA /* Supporting Files */,
				0210AF022088BDC6002845EA /* ViewController.swift */,
				0210AF002088BDC6002845EA /* AppDelegate.swift */,
				029409BB20898724004B0AE7 /* PublicBridgeHeader.h */,
				0210AF042088BDC6002845EA /* Main.storyboard */,
				0210AF072088BDC6002845EA /* Assets.xcassets */,
				0210AF092088BDC6002845EA /* LaunchScreen.storyboard */,
				0210AF0C2088BDC6002845EA /* Info.plist */,
				0210AF162088C3BA002845EA /* InfoPlist.strings */,
			);
			path = OrderTreasure;
			sourceTree = "<group>";
		};
		0210AF122088C187002845EA /* Utils */ = {
			isa = PBXGroup;
			children = (
				029409D02089D15A004B0AE7 /* VM */,
			);
			path = Utils;
			sourceTree = "<group>";
		};
		0210AF132088C19B002845EA /* Supporting Files */ = {
			isa = PBXGroup;
			children = (
				0210AF182088C496002845EA /* TabBar */,
			);
			path = "Supporting Files";
			sourceTree = "<group>";
		};
		0210AF182088C496002845EA /* TabBar */ = {
			isa = PBXGroup;
			children = (
				0210AF1E2088C56B002845EA /* RootViewController.swift */,
			);
			path = TabBar;
			sourceTree = "<group>";
		};
		0210AF192088C4A4002845EA /* CodeFeed */ = {
			isa = PBXGroup;
			children = (
				029409BD208991B1004B0AE7 /* ModuleBar */,
				029409BF208991E8004B0AE7 /* ModuleOrder */,
				029409BE208991D4004B0AE7 /* ModuleAcct */,
			);
			path = CodeFeed;
			sourceTree = "<group>";
		};
		029409BD208991B1004B0AE7 /* ModuleBar */ = {
			isa = PBXGroup;
			children = (
				029409C020899220004B0AE7 /* Bar */,
			);
			path = ModuleBar;
			sourceTree = "<group>";
		};
		029409BE208991D4004B0AE7 /* ModuleAcct */ = {
			isa = PBXGroup;
			children = (
				029409C220899230004B0AE7 /* Acct */,
			);
			path = ModuleAcct;
			sourceTree = "<group>";
		};
		029409BF208991E8004B0AE7 /* ModuleOrder */ = {
			isa = PBXGroup;
			children = (
				029409C120899229004B0AE7 /* Order */,
			);
			path = ModuleOrder;
			sourceTree = "<group>";
		};
		029409C020899220004B0AE7 /* Bar */ = {
			isa = PBXGroup;
			children = (
				029409CD2089D072004B0AE7 /* C */,
				029409CC2089D06A004B0AE7 /* M */,
				029409CB2089D066004B0AE7 /* V */,
				029409CA2089D061004B0AE7 /* VM */,
			);
			path = Bar;
			sourceTree = "<group>";
		};
		029409C120899229004B0AE7 /* Order */ = {
			isa = PBXGroup;
			children = (
				029409C520899260004B0AE7 /* BaseOrderViewController.swift */,
			);
			path = Order;
			sourceTree = "<group>";
		};
		029409C220899230004B0AE7 /* Acct */ = {
			isa = PBXGroup;
			children = (
				029409C320899251004B0AE7 /* BaseAcctViewController.swift */,
			);
			path = Acct;
			sourceTree = "<group>";
		};
		029409CA2089D061004B0AE7 /* VM */ = {
			isa = PBXGroup;
			children = (
				029409CE2089D091004B0AE7 /* BaseBarListViewModel.swift */,
			);
			path = VM;
			sourceTree = "<group>";
		};
		029409CB2089D066004B0AE7 /* V */ = {
			isa = PBXGroup;
			children = (
				029409D32089DEE6004B0AE7 /* BaseBarCollectCell.swift */,
			);
			path = V;
			sourceTree = "<group>";
		};
		029409CC2089D06A004B0AE7 /* M */ = {
			isa = PBXGroup;
			children = (
				029409D82089EC34004B0AE7 /* BaseBarDataModel.swift */,
			);
			path = M;
			sourceTree = "<group>";
		};
		029409CD2089D072004B0AE7 /* C */ = {
			isa = PBXGroup;
			children = (
				029409C720899272004B0AE7 /* BaseBarViewController.swift */,
			);
			path = C;
			sourceTree = "<group>";
		};
		029409D02089D15A004B0AE7 /* VM */ = {
			isa = PBXGroup;
			children = (
				029409D12089D1BD004B0AE7 /* PublicListViewModel.swift */,
			);
			path = VM;
			sourceTree = "<group>";
		};
		029409D52089E536004B0AE7 /* PrefixHeader */ = {
			isa = PBXGroup;
			children = (
				029409D62089E55F004B0AE7 /* PublicOrderTreasureConfigure.swift */,
			);
			path = PrefixHeader;
			sourceTree = "<group>";
		};
		5DB816322D56770621BEFC8A /* Frameworks */ = {
			isa = PBXGroup;
			children = (
				62721FA19F98295F872E0B33 /* Pods_OrderTreasure.framework */,
			);
			name = Frameworks;
			sourceTree = "<group>";
		};
		CFE2A131B9C1F8C4ADA96F9F /* Pods */ = {
			isa = PBXGroup;
			children = (
				A04F128BFD83F7A9B01F982B /* Pods-OrderTreasure.debug.xcconfig */,
				5BA7E8BFA28B630BE51D8ADC /* Pods-OrderTreasure.release.xcconfig */,
			);
			name = Pods;
			sourceTree = "<group>";
		};
/* End PBXGroup section */

/* Begin PBXNativeTarget section */
		0210AEFC2088BDC6002845EA /* OrderTreasure */ = {
			isa = PBXNativeTarget;
			buildConfigurationList = 0210AF0F2088BDC6002845EA /* Build configuration list for PBXNativeTarget "OrderTreasure" */;
			buildPhases = (
				0CFA912E1E0C798DF707C4E8 /* [CP] Check Pods Manifest.lock */,
				0210AEF92088BDC6002845EA /* Sources */,
				0210AEFA2088BDC6002845EA /* Frameworks */,
				0210AEFB2088BDC6002845EA /* Resources */,
				B6199BE0396DE4CAA2DAD800 /* [CP] Embed Pods Frameworks */,
				EE8FF8B65E508E04D9CBD1A8 /* [CP] Copy Pods Resources */,
			);
			buildRules = (
			);
			dependencies = (
			);
			name = OrderTreasure;
			productName = OrderTreasure;
			productReference = 0210AEFD2088BDC6002845EA /* OrderTreasure.app */;
			productType = "com.apple.product-type.application";
		};
/* End PBXNativeTarget section */

/* Begin PBXProject section */
		0210AEF52088BDC6002845EA /* Project object */ = {
			isa = PBXProject;
			attributes = {
				LastSwiftUpdateCheck = 0920;
				LastUpgradeCheck = 0930;
				ORGANIZATIONNAME = ZhangJian;
				TargetAttributes = {
					0210AEFC2088BDC6002845EA = {
						CreatedOnToolsVersion = 9.2;
						ProvisioningStyle = Automatic;
					};
				};
			};
			buildConfigurationList = 0210AEF82088BDC6002845EA /* Build configuration list for PBXProject "OrderTreasure" */;
			compatibilityVersion = "Xcode 8.0";
			developmentRegion = en;
			hasScannedForEncodings = 0;
			knownRegions = (
				en,
				Base,
			);
			mainGroup = 0210AEF42088BDC6002845EA;
			productRefGroup = 0210AEFE2088BDC6002845EA /* Products */;
			projectDirPath = "";
			projectRoot = "";
			targets = (
				0210AEFC2088BDC6002845EA /* OrderTreasure */,
			);
		};
/* End PBXProject section */

/* Begin PBXResourcesBuildPhase section */
		0210AEFB2088BDC6002845EA /* Resources */ = {
			isa = PBXResourcesBuildPhase;
			buildActionMask = 2147483647;
			files = (
				0210AF0B2088BDC6002845EA /* LaunchScreen.storyboard in Resources */,
				0210AF172088C3BA002845EA /* InfoPlist.strings in Resources */,
				0210AF082088BDC6002845EA /* Assets.xcassets in Resources */,
				0210AF062088BDC6002845EA /* Main.storyboard in Resources */,
			);
			runOnlyForDeploymentPostprocessing = 0;
		};
/* End PBXResourcesBuildPhase section */

/* Begin PBXShellScriptBuildPhase section */
		0CFA912E1E0C798DF707C4E8 /* [CP] Check Pods Manifest.lock */ = {
			isa = PBXShellScriptBuildPhase;
			buildActionMask = 2147483647;
			files = (
			);
			inputPaths = (
				"${PODS_PODFILE_DIR_PATH}/Podfile.lock",
				"${PODS_ROOT}/Manifest.lock",
			);
			name = "[CP] Check Pods Manifest.lock";
			outputPaths = (
				"$(DERIVED_FILE_DIR)/Pods-OrderTreasure-checkManifestLockResult.txt",
			);
			runOnlyForDeploymentPostprocessing = 0;
			shellPath = /bin/sh;
			shellScript = "diff \"${PODS_PODFILE_DIR_PATH}/Podfile.lock\" \"${PODS_ROOT}/Manifest.lock\" > /dev/null\nif [ $? != 0 ] ; then\n    # print error to STDERR\n    echo \"error: The sandbox is not in sync with the Podfile.lock. Run 'pod install' or update your CocoaPods installation.\" >&2\n    exit 1\nfi\n# This output is used by Xcode 'outputs' to avoid re-running this script phase.\necho \"SUCCESS\" > \"${SCRIPT_OUTPUT_FILE_0}\"\n";
			showEnvVarsInLog = 0;
		};
		B6199BE0396DE4CAA2DAD800 /* [CP] Embed Pods Frameworks */ = {
			isa = PBXShellScriptBuildPhase;
			buildActionMask = 2147483647;
			files = (
			);
			inputPaths = (
				"${SRCROOT}/Pods/Target Support Files/Pods-OrderTreasure/Pods-OrderTreasure-frameworks.sh",
				"${BUILT_PRODUCTS_DIR}/Alamofire/Alamofire.framework",
				"${BUILT_PRODUCTS_DIR}/Aspects/Aspects.framework",
				"${BUILT_PRODUCTS_DIR}/DZNEmptyDataSet/DZNEmptyDataSet.framework",
				"${BUILT_PRODUCTS_DIR}/Kingfisher/Kingfisher.framework",
				"${BUILT_PRODUCTS_DIR}/PTFetch/PTFetch.framework",
				"${BUILT_PRODUCTS_DIR}/ReactiveCocoa/ReactiveCocoa.framework",
				"${BUILT_PRODUCTS_DIR}/ReactiveSwift/ReactiveSwift.framework",
				"${BUILT_PRODUCTS_DIR}/Result/Result.framework",
				"${BUILT_PRODUCTS_DIR}/RxSwift/RxSwift.framework",
				"${BUILT_PRODUCTS_DIR}/SnapKit/SnapKit.framework",
				"${BUILT_PRODUCTS_DIR}/SwiftyJSON/SwiftyJSON.framework",
				"${BUILT_PRODUCTS_DIR}/WKCategory/WKCategory.framework",
			);
			name = "[CP] Embed Pods Frameworks";
			outputPaths = (
				"${TARGET_BUILD_DIR}/${FRAMEWORKS_FOLDER_PATH}/Alamofire.framework",
				"${TARGET_BUILD_DIR}/${FRAMEWORKS_FOLDER_PATH}/Aspects.framework",
				"${TARGET_BUILD_DIR}/${FRAMEWORKS_FOLDER_PATH}/DZNEmptyDataSet.framework",
				"${TARGET_BUILD_DIR}/${FRAMEWORKS_FOLDER_PATH}/Kingfisher.framework",
				"${TARGET_BUILD_DIR}/${FRAMEWORKS_FOLDER_PATH}/PTFetch.framework",
				"${TARGET_BUILD_DIR}/${FRAMEWORKS_FOLDER_PATH}/ReactiveCocoa.framework",
				"${TARGET_BUILD_DIR}/${FRAMEWORKS_FOLDER_PATH}/ReactiveSwift.framework",
				"${TARGET_BUILD_DIR}/${FRAMEWORKS_FOLDER_PATH}/Result.framework",
				"${TARGET_BUILD_DIR}/${FRAMEWORKS_FOLDER_PATH}/RxSwift.framework",
				"${TARGET_BUILD_DIR}/${FRAMEWORKS_FOLDER_PATH}/SnapKit.framework",
				"${TARGET_BUILD_DIR}/${FRAMEWORKS_FOLDER_PATH}/SwiftyJSON.framework",
				"${TARGET_BUILD_DIR}/${FRAMEWORKS_FOLDER_PATH}/WKCategory.framework",
			);
			runOnlyForDeploymentPostprocessing = 0;
			shellPath = /bin/sh;
			shellScript = "\"${SRCROOT}/Pods/Target Support Files/Pods-OrderTreasure/Pods-OrderTreasure-frameworks.sh\"\n";
			showEnvVarsInLog = 0;
		};
		EE8FF8B65E508E04D9CBD1A8 /* [CP] Copy Pods Resources */ = {
			isa = PBXShellScriptBuildPhase;
			buildActionMask = 2147483647;
			files = (
			);
			inputPaths = (
			);
			name = "[CP] Copy Pods Resources";
			outputPaths = (
			);
			runOnlyForDeploymentPostprocessing = 0;
			shellPath = /bin/sh;
			shellScript = "\"${SRCROOT}/Pods/Target Support Files/Pods-OrderTreasure/Pods-OrderTreasure-resources.sh\"\n";
			showEnvVarsInLog = 0;
		};
/* End PBXShellScriptBuildPhase section */

/* Begin PBXSourcesBuildPhase section */
		0210AEF92088BDC6002845EA /* Sources */ = {
			isa = PBXSourcesBuildPhase;
			buildActionMask = 2147483647;
			files = (
				029409CF2089D091004B0AE7 /* BaseBarListViewModel.swift in Sources */,
				029409C420899251004B0AE7 /* BaseAcctViewController.swift in Sources */,
				029409C820899272004B0AE7 /* BaseBarViewController.swift in Sources */,
				029409D22089D1BD004B0AE7 /* PublicListViewModel.swift in Sources */,
				0210AF032088BDC6002845EA /* ViewController.swift in Sources */,
				029409D72089E55F004B0AE7 /* PublicOrderTreasureConfigure.swift in Sources */,
				029409C620899260004B0AE7 /* BaseOrderViewController.swift in Sources */,
				0210AF012088BDC6002845EA /* AppDelegate.swift in Sources */,
				029409D92089EC34004B0AE7 /* BaseBarDataModel.swift in Sources */,
				029409D42089DEE6004B0AE7 /* BaseBarCollectCell.swift in Sources */,
				0210AF1F2088C56B002845EA /* RootViewController.swift in Sources */,
			);
			runOnlyForDeploymentPostprocessing = 0;
		};
/* End PBXSourcesBuildPhase section */

/* Begin PBXVariantGroup section */
		0210AF042088BDC6002845EA /* Main.storyboard */ = {
			isa = PBXVariantGroup;
			children = (
				0210AF052088BDC6002845EA /* Base */,
				0210AF142088C354002845EA /* zh-Hans */,
			);
			name = Main.storyboard;
			sourceTree = "<group>";
		};
		0210AF092088BDC6002845EA /* LaunchScreen.storyboard */ = {
			isa = PBXVariantGroup;
			children = (
				0210AF0A2088BDC6002845EA /* Base */,
				0210AF152088C354002845EA /* zh-Hans */,
			);
			name = LaunchScreen.storyboard;
			sourceTree = "<group>";
		};
/* End PBXVariantGroup section */

/* Begin XCBuildConfiguration section */
		0210AF0D2088BDC6002845EA /* Debug */ = {
			isa = XCBuildConfiguration;
			buildSettings = {
				ALWAYS_SEARCH_USER_PATHS = NO;
				CLANG_ANALYZER_LOCALIZABILITY_NONLOCALIZED = YES;
				CLANG_ANALYZER_NONNULL = YES;
				CLANG_ANALYZER_NUMBER_OBJECT_CONVERSION = YES_AGGRESSIVE;
				CLANG_CXX_LANGUAGE_STANDARD = "gnu++14";
				CLANG_CXX_LIBRARY = "libc++";
				CLANG_ENABLE_MODULES = YES;
				CLANG_ENABLE_OBJC_ARC = YES;
				CLANG_WARN_BLOCK_CAPTURE_AUTORELEASING = YES;
				CLANG_WARN_BOOL_CONVERSION = YES;
				CLANG_WARN_COMMA = YES;
				CLANG_WARN_CONSTANT_CONVERSION = YES;
				CLANG_WARN_DEPRECATED_OBJC_IMPLEMENTATIONS = YES;
				CLANG_WARN_DIRECT_OBJC_ISA_USAGE = YES_ERROR;
				CLANG_WARN_DOCUMENTATION_COMMENTS = YES;
				CLANG_WARN_EMPTY_BODY = YES;
				CLANG_WARN_ENUM_CONVERSION = YES;
				CLANG_WARN_INFINITE_RECURSION = YES;
				CLANG_WARN_INT_CONVERSION = YES;
				CLANG_WARN_NON_LITERAL_NULL_CONVERSION = YES;
				CLANG_WARN_OBJC_IMPLICIT_RETAIN_SELF = YES;
				CLANG_WARN_OBJC_LITERAL_CONVERSION = YES;
				CLANG_WARN_OBJC_ROOT_CLASS = YES_ERROR;
				CLANG_WARN_RANGE_LOOP_ANALYSIS = YES;
				CLANG_WARN_STRICT_PROTOTYPES = YES;
				CLANG_WARN_SUSPICIOUS_MOVE = YES;
				CLANG_WARN_UNGUARDED_AVAILABILITY = YES_AGGRESSIVE;
				CLANG_WARN_UNREACHABLE_CODE = YES;
				CLANG_WARN__DUPLICATE_METHOD_MATCH = YES;
				CODE_SIGN_IDENTITY = "iPhone Developer";
				COPY_PHASE_STRIP = NO;
				DEBUG_INFORMATION_FORMAT = dwarf;
				ENABLE_STRICT_OBJC_MSGSEND = YES;
				ENABLE_TESTABILITY = YES;
				GCC_C_LANGUAGE_STANDARD = gnu11;
				GCC_DYNAMIC_NO_PIC = NO;
				GCC_NO_COMMON_BLOCKS = YES;
				GCC_OPTIMIZATION_LEVEL = 0;
				GCC_PREPROCESSOR_DEFINITIONS = (
					"DEBUG=1",
					"$(inherited)",
				);
				GCC_WARN_64_TO_32_BIT_CONVERSION = YES;
				GCC_WARN_ABOUT_RETURN_TYPE = YES_ERROR;
				GCC_WARN_UNDECLARED_SELECTOR = YES;
				GCC_WARN_UNINITIALIZED_AUTOS = YES_AGGRESSIVE;
				GCC_WARN_UNUSED_FUNCTION = YES;
				GCC_WARN_UNUSED_VARIABLE = YES;
				IPHONEOS_DEPLOYMENT_TARGET = 9.0;
				MTL_ENABLE_DEBUG_INFO = YES;
				ONLY_ACTIVE_ARCH = YES;
				SDKROOT = iphoneos;
				SWIFT_ACTIVE_COMPILATION_CONDITIONS = DEBUG;
				SWIFT_OPTIMIZATION_LEVEL = "-Onone";
			};
			name = Debug;
		};
		0210AF0E2088BDC6002845EA /* Release */ = {
			isa = XCBuildConfiguration;
			buildSettings = {
				ALWAYS_SEARCH_USER_PATHS = NO;
				CLANG_ANALYZER_LOCALIZABILITY_NONLOCALIZED = YES;
				CLANG_ANALYZER_NONNULL = YES;
				CLANG_ANALYZER_NUMBER_OBJECT_CONVERSION = YES_AGGRESSIVE;
				CLANG_CXX_LANGUAGE_STANDARD = "gnu++14";
				CLANG_CXX_LIBRARY = "libc++";
				CLANG_ENABLE_MODULES = YES;
				CLANG_ENABLE_OBJC_ARC = YES;
				CLANG_WARN_BLOCK_CAPTURE_AUTORELEASING = YES;
				CLANG_WARN_BOOL_CONVERSION = YES;
				CLANG_WARN_COMMA = YES;
				CLANG_WARN_CONSTANT_CONVERSION = YES;
				CLANG_WARN_DEPRECATED_OBJC_IMPLEMENTATIONS = YES;
				CLANG_WARN_DIRECT_OBJC_ISA_USAGE = YES_ERROR;
				CLANG_WARN_DOCUMENTATION_COMMENTS = YES;
				CLANG_WARN_EMPTY_BODY = YES;
				CLANG_WARN_ENUM_CONVERSION = YES;
				CLANG_WARN_INFINITE_RECURSION = YES;
				CLANG_WARN_INT_CONVERSION = YES;
				CLANG_WARN_NON_LITERAL_NULL_CONVERSION = YES;
				CLANG_WARN_OBJC_IMPLICIT_RETAIN_SELF = YES;
				CLANG_WARN_OBJC_LITERAL_CONVERSION = YES;
				CLANG_WARN_OBJC_ROOT_CLASS = YES_ERROR;
				CLANG_WARN_RANGE_LOOP_ANALYSIS = YES;
				CLANG_WARN_STRICT_PROTOTYPES = YES;
				CLANG_WARN_SUSPICIOUS_MOVE = YES;
				CLANG_WARN_UNGUARDED_AVAILABILITY = YES_AGGRESSIVE;
				CLANG_WARN_UNREACHABLE_CODE = YES;
				CLANG_WARN__DUPLICATE_METHOD_MATCH = YES;
				CODE_SIGN_IDENTITY = "iPhone Developer";
				COPY_PHASE_STRIP = NO;
				DEBUG_INFORMATION_FORMAT = "dwarf-with-dsym";
				ENABLE_NS_ASSERTIONS = NO;
				ENABLE_STRICT_OBJC_MSGSEND = YES;
				GCC_C_LANGUAGE_STANDARD = gnu11;
				GCC_NO_COMMON_BLOCKS = YES;
				GCC_WARN_64_TO_32_BIT_CONVERSION = YES;
				GCC_WARN_ABOUT_RETURN_TYPE = YES_ERROR;
				GCC_WARN_UNDECLARED_SELECTOR = YES;
				GCC_WARN_UNINITIALIZED_AUTOS = YES_AGGRESSIVE;
				GCC_WARN_UNUSED_FUNCTION = YES;
				GCC_WARN_UNUSED_VARIABLE = YES;
				IPHONEOS_DEPLOYMENT_TARGET = 9.0;
				MTL_ENABLE_DEBUG_INFO = NO;
				SDKROOT = iphoneos;
				SWIFT_OPTIMIZATION_LEVEL = "-Owholemodule";
				VALIDATE_PRODUCT = YES;
			};
			name = Release;
		};
		0210AF102088BDC6002845EA /* Debug */ = {
			isa = XCBuildConfiguration;
			baseConfigurationReference = A04F128BFD83F7A9B01F982B /* Pods-OrderTreasure.debug.xcconfig */;
			buildSettings = {
				ASSETCATALOG_COMPILER_APPICON_NAME = AppIcon;
				"CODE_SIGN_IDENTITY[sdk=iphoneos*]" = "iPhone Developer";
				CODE_SIGN_STYLE = Automatic;
				DEVELOPMENT_TEAM = D35W2W2S5R;
				INFOPLIST_FILE = OrderTreasure/Info.plist;
				LD_RUNPATH_SEARCH_PATHS = "$(inherited) @executable_path/Frameworks";
				PRODUCT_BUNDLE_IDENTIFIER = dd.OrderTreasure;
				PRODUCT_NAME = "$(TARGET_NAME)";
				PROVISIONING_PROFILE_SPECIFIER = "";
				SWIFT_INSTALL_OBJC_HEADER = YES;
				SWIFT_OBJC_BRIDGING_HEADER = $SRCROOT/OrderTreasure/PublicBridgeHeader.h;
				SWIFT_VERSION = 4.0;
				TARGETED_DEVICE_FAMILY = 1;
			};
			name = Debug;
		};
		0210AF112088BDC6002845EA /* Release */ = {
			isa = XCBuildConfiguration;
			baseConfigurationReference = 5BA7E8BFA28B630BE51D8ADC /* Pods-OrderTreasure.release.xcconfig */;
			buildSettings = {
				ASSETCATALOG_COMPILER_APPICON_NAME = AppIcon;
				"CODE_SIGN_IDENTITY[sdk=iphoneos*]" = "iPhone Developer";
				CODE_SIGN_STYLE = Automatic;
				DEVELOPMENT_TEAM = D35W2W2S5R;
				INFOPLIST_FILE = OrderTreasure/Info.plist;
				LD_RUNPATH_SEARCH_PATHS = "$(inherited) @executable_path/Frameworks";
				PRODUCT_BUNDLE_IDENTIFIER = dd.OrderTreasure;
				PRODUCT_NAME = "$(TARGET_NAME)";
				PROVISIONING_PROFILE_SPECIFIER = "";
				SWIFT_INSTALL_OBJC_HEADER = YES;
				SWIFT_OBJC_BRIDGING_HEADER = $SRCROOT/OrderTreasure/PublicBridgeHeader.h;
				SWIFT_VERSION = 4.0;
				TARGETED_DEVICE_FAMILY = 1;
			};
			name = Release;
		};
/* End XCBuildConfiguration section */

/* Begin XCConfigurationList section */
		0210AEF82088BDC6002845EA /* Build configuration list for PBXProject "OrderTreasure" */ = {
			isa = XCConfigurationList;
			buildConfigurations = (
				0210AF0D2088BDC6002845EA /* Debug */,
				0210AF0E2088BDC6002845EA /* Release */,
			);
			defaultConfigurationIsVisible = 0;
			defaultConfigurationName = Release;
		};
		0210AF0F2088BDC6002845EA /* Build configuration list for PBXNativeTarget "OrderTreasure" */ = {
			isa = XCConfigurationList;
			buildConfigurations = (
				0210AF102088BDC6002845EA /* Debug */,
				0210AF112088BDC6002845EA /* Release */,
			);
			defaultConfigurationIsVisible = 0;
			defaultConfigurationName = Release;
		};
/* End XCConfigurationList section */
	};
	rootObject = 0210AEF52088BDC6002845EA /* Project object */;
}
