PODS:
  - AFNetworking (3.1.0):
    - AFNetworking/NSURLSession (= 3.1.0)
    - AFNetworking/Reachability (= 3.1.0)
    - AFNetworking/Security (= 3.1.0)
    - AFNetworking/Serialization (= 3.1.0)
    - AFNetworking/UIKit (= 3.1.0)
  - AFNetworking/NSURLSession (3.1.0):
    - AFNetworking/Reachability
    - AFNetworking/Security
    - AFNetworking/Serialization
  - AFNetworking/Reachability (3.1.0)
  - AFNetworking/Security (3.1.0)
  - AFNetworking/Serialization (3.1.0)
  - AFNetworking/UIKit (3.1.0):
    - AFNetworking/NSURLSession
  - Aspects (1.4.1)
  - ReactiveObjC (3.0.0)
  - WKDataManager (0.0.1):
    - AFNetworking

DEPENDENCIES:
  - AFNetworking
  - Aspects
  - ReactiveObjC
  - WKDataManager

SPEC CHECKSUMS:
  AFNetworking: 5e0e199f73d8626b11e79750991f5d173d1f8b67
  Aspects: 7595ba96a6727a58ebcbfc954497fc5d2fdde546
  ReactiveObjC: ce79989e8684b9086b5f8d0c74bc7b81a8729c9e
  WKDataManager: 0d0f06274af2fb21a4b89bf2f8a7c1f2cf1352fb

PODFILE CHECKSUM: fc075395a464f20a5a591fd8f29ee277f1db3da3

COCOAPODS: 1.3.1
