// !$*UTF8*$!
{
	archiveVersion = 1;
	classes = {
	};
	objectVersion = 46;
	objects = {

/* Begin PBXBuildFile section */
		0111DA8B202D2ACF00459D12 /* BaseTransformViewController.m in Sources */ = {isa = PBXBuildFile; fileRef = 0111DA8A202D2ACF00459D12 /* BaseTransformViewController.m */; };
		0111DA94202D2C2F00459D12 /* LocalHostData.plist in Resources */ = {isa = PBXBuildFile; fileRef = 0111DA93202D2C2F00459D12 /* LocalHostData.plist */; };
		0111DA98202D2FF400459D12 /* BaseTransformMagicViewController.m in Sources */ = {isa = PBXBuildFile; fileRef = 0111DA97202D2FF400459D12 /* BaseTransformMagicViewController.m */; };
		0111DA9C202D364700459D12 /* BaseTransformMagicCell.m in Sources */ = {isa = PBXBuildFile; fileRef = 0111DA9B202D364700459D12 /* BaseTransformMagicCell.m */; };
		0119105F2018D49E004CE682 /* PublicLocalHost.m in Sources */ = {isa = PBXBuildFile; fileRef = 0119105E2018D49E004CE682 /* PublicLocalHost.m */; };
		0146192D205F45BA00671008 /* PublicImageShowFlowLayout.m in Sources */ = {isa = PBXBuildFile; fileRef = 0146192B205F45BA00671008 /* PublicImageShowFlowLayout.m */; };
		01461931205F45D600671008 /* PublicImageShowCell.m in Sources */ = {isa = PBXBuildFile; fileRef = 0146192F205F45D600671008 /* PublicImageShowCell.m */; };
		01461935205F4F1F00671008 /* PublicImageShowView.m in Sources */ = {isa = PBXBuildFile; fileRef = 01461933205F4F1E00671008 /* PublicImageShowView.m */; };
		019C7C2F200C9A3B00C8A423 /* BaseAcctViewController.m in Sources */ = {isa = PBXBuildFile; fileRef = 019C7C2E200C9A3B00C8A423 /* BaseAcctViewController.m */; };
		019C7C41200C9B3A00C8A423 /* BaseHomeViewController.m in Sources */ = {isa = PBXBuildFile; fileRef = 019C7C3F200C9B3A00C8A423 /* BaseHomeViewController.m */; };
		019C7C4D200C9F7D00C8A423 /* RouterForm.plist in Resources */ = {isa = PBXBuildFile; fileRef = 019C7C4A200C9F7D00C8A423 /* RouterForm.plist */; };
		019C7C56200CA1B400C8A423 /* PublicListViewModel.m in Sources */ = {isa = PBXBuildFile; fileRef = 019C7C55200CA1B400C8A423 /* PublicListViewModel.m */; };
		01DE15EF202E97A900DA73D0 /* BaseTransformDetailViewController.m in Sources */ = {isa = PBXBuildFile; fileRef = 01DE15EE202E97A900DA73D0 /* BaseTransformDetailViewController.m */; };
		01DE15F4202E9C1C00DA73D0 /* PublicPageMagicTransformViewModel.m in Sources */ = {isa = PBXBuildFile; fileRef = 01DE15F2202E9C1C00DA73D0 /* PublicPageMagicTransformViewModel.m */; };
		01DE15FA202EB7B200DA73D0 /* BaseTransformDetailViewIndex.m in Sources */ = {isa = PBXBuildFile; fileRef = 01DE15F9202EB7B200DA73D0 /* BaseTransformDetailViewIndex.m */; };
		01DE1602202ECD2500DA73D0 /* PublicPageCircleSpreadTransformViewModel.m in Sources */ = {isa = PBXBuildFile; fileRef = 01DE1601202ECD2500DA73D0 /* PublicPageCircleSpreadTransformViewModel.m */; };
		01DE160B202ED14E00DA73D0 /* BaseTransformCircleSpreadViewIndex.m in Sources */ = {isa = PBXBuildFile; fileRef = 01DE160A202ED14E00DA73D0 /* BaseTransformCircleSpreadViewIndex.m */; };
		01DE160E202ED54A00DA73D0 /* BaseTransformCircleSpreadViewController.m in Sources */ = {isa = PBXBuildFile; fileRef = 01DE160D202ED54A00DA73D0 /* BaseTransformCircleSpreadViewController.m */; };
		01DE1615202EDCB200DA73D0 /* UIViewController+PTGetController.m in Sources */ = {isa = PBXBuildFile; fileRef = 01DE1614202EDCB200DA73D0 /* UIViewController+PTGetController.m */; };
		01E936F3200F430C000857DE /* BaseHomeDataModelIndex.m in Sources */ = {isa = PBXBuildFile; fileRef = 01E936F2200F430C000857DE /* BaseHomeDataModelIndex.m */; };
		01E936F6200F4322000857DE /* BaseHomeViewIndex.m in Sources */ = {isa = PBXBuildFile; fileRef = 01E936F5200F4322000857DE /* BaseHomeViewIndex.m */; };
		01E936F9200F4332000857DE /* BaseHomeViewModelIndex.m in Sources */ = {isa = PBXBuildFile; fileRef = 01E936F8200F4332000857DE /* BaseHomeViewModelIndex.m */; };
		01E936FC200F4345000857DE /* BaseAcctDataModelIndex.m in Sources */ = {isa = PBXBuildFile; fileRef = 01E936FB200F4345000857DE /* BaseAcctDataModelIndex.m */; };
		01E936FF200F4352000857DE /* BaseAcctViewIndex.m in Sources */ = {isa = PBXBuildFile; fileRef = 01E936FE200F4352000857DE /* BaseAcctViewIndex.m */; };
		01E93702200F4361000857DE /* BaseAcctViewModelIndex.m in Sources */ = {isa = PBXBuildFile; fileRef = 01E93701200F4361000857DE /* BaseAcctViewModelIndex.m */; };
		04B7AE2420FC333E00CC0806 /* AppDelegate.m in Sources */ = {isa = PBXBuildFile; fileRef = 04B7AE2320FC333E00CC0806 /* AppDelegate.m */; };
		04B7AE4120FC8E1000CC0806 /* PrapPageModel.m in Sources */ = {isa = PBXBuildFile; fileRef = 04B7AE4020FC8E1000CC0806 /* PrapPageModel.m */; };
		20C9BE0EB72E2A2363E6EDAF /* libPods-PrapCloud.a in Frameworks */ = {isa = PBXBuildFile; fileRef = 63F7735AEA48B8DDC9E48585 /* libPods-PrapCloud.a */; };
		4D6AC282F09F219EE7FB3F5A /* libPods-DemoPreoject.a in Frameworks */ = {isa = PBXBuildFile; fileRef = 71D10F26A74C68F1A73D67D4 /* libPods-DemoPreoject.a */; };
		84169FFA1F99E9140082D5D1 /* PrefixHeaderConfigure.m in Sources */ = {isa = PBXBuildFile; fileRef = 84169FF91F99E9140082D5D1 /* PrefixHeaderConfigure.m */; };
		848EBAFC1F3D3CE6002170F8 /* Main.storyboard in Resources */ = {isa = PBXBuildFile; fileRef = 848EBAFA1F3D3CE6002170F8 /* Main.storyboard */; };
		848EBAFE1F3D3CE6002170F8 /* Assets.xcassets in Resources */ = {isa = PBXBuildFile; fileRef = 848EBAFD1F3D3CE6002170F8 /* Assets.xcassets */; };
		848EBB011F3D3CE6002170F8 /* LaunchScreen.storyboard in Resources */ = {isa = PBXBuildFile; fileRef = 848EBAFF1F3D3CE6002170F8 /* LaunchScreen.storyboard */; };
		848EBB0C1F3D3D57002170F8 /* main.m in Sources */ = {isa = PBXBuildFile; fileRef = 848EBB0A1F3D3D57002170F8 /* main.m */; };
		848EBB181F3D4145002170F8 /* RootViewController.m in Sources */ = {isa = PBXBuildFile; fileRef = 848EBB171F3D4145002170F8 /* RootViewController.m */; };
		848EBB2F1F3D4525002170F8 /* RootKeyWindowDataModel.m in Sources */ = {isa = PBXBuildFile; fileRef = 848EBB2E1F3D4525002170F8 /* RootKeyWindowDataModel.m */; };
		848EBB341F3D56ED002170F8 /* BarConfigure.plist in Resources */ = {isa = PBXBuildFile; fileRef = 848EBB331F3D56ED002170F8 /* BarConfigure.plist */; };
		848EBBC01F3DA2D4002170F8 /* InfoPlist.strings in Resources */ = {isa = PBXBuildFile; fileRef = 848EBBBF1F3DA2D4002170F8 /* InfoPlist.strings */; };
/* End PBXBuildFile section */

/* Begin PBXFileReference section */
		0111DA89202D2ACF00459D12 /* BaseTransformViewController.h */ = {isa = PBXFileReference; lastKnownFileType = sourcecode.c.h; path = BaseTransformViewController.h; sourceTree = "<group>"; };
		0111DA8A202D2ACF00459D12 /* BaseTransformViewController.m */ = {isa = PBXFileReference; lastKnownFileType = sourcecode.c.objc; path = BaseTransformViewController.m; sourceTree = "<group>"; };
		0111DA93202D2C2F00459D12 /* LocalHostData.plist */ = {isa = PBXFileReference; fileEncoding = 4; lastKnownFileType = text.plist.xml; path = LocalHostData.plist; sourceTree = "<group>"; };
		0111DA96202D2FF400459D12 /* BaseTransformMagicViewController.h */ = {isa = PBXFileReference; lastKnownFileType = sourcecode.c.h; path = BaseTransformMagicViewController.h; sourceTree = "<group>"; };
		0111DA97202D2FF400459D12 /* BaseTransformMagicViewController.m */ = {isa = PBXFileReference; lastKnownFileType = sourcecode.c.objc; path = BaseTransformMagicViewController.m; sourceTree = "<group>"; };
		0111DA9A202D364700459D12 /* BaseTransformMagicCell.h */ = {isa = PBXFileReference; lastKnownFileType = sourcecode.c.h; path = BaseTransformMagicCell.h; sourceTree = "<group>"; };
		0111DA9B202D364700459D12 /* BaseTransformMagicCell.m */ = {isa = PBXFileReference; lastKnownFileType = sourcecode.c.objc; path = BaseTransformMagicCell.m; sourceTree = "<group>"; };
		0119105D2018D49E004CE682 /* PublicLocalHost.h */ = {isa = PBXFileReference; lastKnownFileType = sourcecode.c.h; path = PublicLocalHost.h; sourceTree = "<group>"; };
		0119105E2018D49E004CE682 /* PublicLocalHost.m */ = {isa = PBXFileReference; lastKnownFileType = sourcecode.c.objc; path = PublicLocalHost.m; sourceTree = "<group>"; };
		0146192B205F45BA00671008 /* PublicImageShowFlowLayout.m */ = {isa = PBXFileReference; fileEncoding = 4; lastKnownFileType = sourcecode.c.objc; path = PublicImageShowFlowLayout.m; sourceTree = "<group>"; };
		0146192C205F45BA00671008 /* PublicImageShowFlowLayout.h */ = {isa = PBXFileReference; fileEncoding = 4; lastKnownFileType = sourcecode.c.h; path = PublicImageShowFlowLayout.h; sourceTree = "<group>"; };
		0146192F205F45D600671008 /* PublicImageShowCell.m */ = {isa = PBXFileReference; fileEncoding = 4; lastKnownFileType = sourcecode.c.objc; path = PublicImageShowCell.m; sourceTree = "<group>"; };
		01461930205F45D600671008 /* PublicImageShowCell.h */ = {isa = PBXFileReference; fileEncoding = 4; lastKnownFileType = sourcecode.c.h; path = PublicImageShowCell.h; sourceTree = "<group>"; };
		01461933205F4F1E00671008 /* PublicImageShowView.m */ = {isa = PBXFileReference; fileEncoding = 4; lastKnownFileType = sourcecode.c.objc; path = PublicImageShowView.m; sourceTree = "<group>"; };
		01461934205F4F1E00671008 /* PublicImageShowView.h */ = {isa = PBXFileReference; fileEncoding = 4; lastKnownFileType = sourcecode.c.h; path = PublicImageShowView.h; sourceTree = "<group>"; };
		019C7C2D200C9A3B00C8A423 /* BaseAcctViewController.h */ = {isa = PBXFileReference; lastKnownFileType = sourcecode.c.h; path = BaseAcctViewController.h; sourceTree = "<group>"; };
		019C7C2E200C9A3B00C8A423 /* BaseAcctViewController.m */ = {isa = PBXFileReference; lastKnownFileType = sourcecode.c.objc; path = BaseAcctViewController.m; sourceTree = "<group>"; };
		019C7C3F200C9B3A00C8A423 /* BaseHomeViewController.m */ = {isa = PBXFileReference; fileEncoding = 4; lastKnownFileType = sourcecode.c.objc; path = BaseHomeViewController.m; sourceTree = "<group>"; };
		019C7C40200C9B3A00C8A423 /* BaseHomeViewController.h */ = {isa = PBXFileReference; fileEncoding = 4; lastKnownFileType = sourcecode.c.h; path = BaseHomeViewController.h; sourceTree = "<group>"; };
		019C7C4A200C9F7D00C8A423 /* RouterForm.plist */ = {isa = PBXFileReference; fileEncoding = 4; lastKnownFileType = text.plist.xml; path = RouterForm.plist; sourceTree = "<group>"; };
		019C7C53200CA12400C8A423 /* PublicListViewModelDelegate.h */ = {isa = PBXFileReference; lastKnownFileType = sourcecode.c.h; path = PublicListViewModelDelegate.h; sourceTree = "<group>"; };
		019C7C54200CA1B400C8A423 /* PublicListViewModel.h */ = {isa = PBXFileReference; lastKnownFileType = sourcecode.c.h; path = PublicListViewModel.h; sourceTree = "<group>"; };
		019C7C55200CA1B400C8A423 /* PublicListViewModel.m */ = {isa = PBXFileReference; lastKnownFileType = sourcecode.c.objc; path = PublicListViewModel.m; sourceTree = "<group>"; };
		01DE15ED202E97A900DA73D0 /* BaseTransformDetailViewController.h */ = {isa = PBXFileReference; lastKnownFileType = sourcecode.c.h; path = BaseTransformDetailViewController.h; sourceTree = "<group>"; };
		01DE15EE202E97A900DA73D0 /* BaseTransformDetailViewController.m */ = {isa = PBXFileReference; lastKnownFileType = sourcecode.c.objc; path = BaseTransformDetailViewController.m; sourceTree = "<group>"; };
		01DE15F2202E9C1C00DA73D0 /* PublicPageMagicTransformViewModel.m */ = {isa = PBXFileReference; fileEncoding = 4; lastKnownFileType = sourcecode.c.objc; path = PublicPageMagicTransformViewModel.m; sourceTree = "<group>"; };
		01DE15F3202E9C1C00DA73D0 /* PublicPageMagicTransformViewModel.h */ = {isa = PBXFileReference; fileEncoding = 4; lastKnownFileType = sourcecode.c.h; path = PublicPageMagicTransformViewModel.h; sourceTree = "<group>"; };
		01DE15F5202E9C6E00DA73D0 /* PublicPageMagicTransformDelegate.h */ = {isa = PBXFileReference; lastKnownFileType = sourcecode.c.h; path = PublicPageMagicTransformDelegate.h; sourceTree = "<group>"; };
		01DE15F8202EB7B200DA73D0 /* BaseTransformDetailViewIndex.h */ = {isa = PBXFileReference; lastKnownFileType = sourcecode.c.h; path = BaseTransformDetailViewIndex.h; sourceTree = "<group>"; };
		01DE15F9202EB7B200DA73D0 /* BaseTransformDetailViewIndex.m */ = {isa = PBXFileReference; lastKnownFileType = sourcecode.c.objc; path = BaseTransformDetailViewIndex.m; sourceTree = "<group>"; };
		01DE15FF202ECC8B00DA73D0 /* PublicPageCircleSpreadTransformDelegate.h */ = {isa = PBXFileReference; lastKnownFileType = sourcecode.c.h; path = PublicPageCircleSpreadTransformDelegate.h; sourceTree = "<group>"; };
		01DE1600202ECD2500DA73D0 /* PublicPageCircleSpreadTransformViewModel.h */ = {isa = PBXFileReference; lastKnownFileType = sourcecode.c.h; path = PublicPageCircleSpreadTransformViewModel.h; sourceTree = "<group>"; };
		01DE1601202ECD2500DA73D0 /* PublicPageCircleSpreadTransformViewModel.m */ = {isa = PBXFileReference; lastKnownFileType = sourcecode.c.objc; path = PublicPageCircleSpreadTransformViewModel.m; sourceTree = "<group>"; };
		01DE1609202ED14E00DA73D0 /* BaseTransformCircleSpreadViewIndex.h */ = {isa = PBXFileReference; lastKnownFileType = sourcecode.c.h; path = BaseTransformCircleSpreadViewIndex.h; sourceTree = "<group>"; };
		01DE160A202ED14E00DA73D0 /* BaseTransformCircleSpreadViewIndex.m */ = {isa = PBXFileReference; lastKnownFileType = sourcecode.c.objc; path = BaseTransformCircleSpreadViewIndex.m; sourceTree = "<group>"; };
		01DE160C202ED54A00DA73D0 /* BaseTransformCircleSpreadViewController.h */ = {isa = PBXFileReference; lastKnownFileType = sourcecode.c.h; path = BaseTransformCircleSpreadViewController.h; sourceTree = "<group>"; };
		01DE160D202ED54A00DA73D0 /* BaseTransformCircleSpreadViewController.m */ = {isa = PBXFileReference; lastKnownFileType = sourcecode.c.objc; path = BaseTransformCircleSpreadViewController.m; sourceTree = "<group>"; };
		01DE1613202EDCB200DA73D0 /* UIViewController+PTGetController.h */ = {isa = PBXFileReference; lastKnownFileType = sourcecode.c.h; path = "UIViewController+PTGetController.h"; sourceTree = "<group>"; };
		01DE1614202EDCB200DA73D0 /* UIViewController+PTGetController.m */ = {isa = PBXFileReference; lastKnownFileType = sourcecode.c.objc; path = "UIViewController+PTGetController.m"; sourceTree = "<group>"; };
		01E936F1200F430C000857DE /* BaseHomeDataModelIndex.h */ = {isa = PBXFileReference; lastKnownFileType = sourcecode.c.h; path = BaseHomeDataModelIndex.h; sourceTree = "<group>"; };
		01E936F2200F430C000857DE /* BaseHomeDataModelIndex.m */ = {isa = PBXFileReference; lastKnownFileType = sourcecode.c.objc; path = BaseHomeDataModelIndex.m; sourceTree = "<group>"; };
		01E936F4200F4322000857DE /* BaseHomeViewIndex.h */ = {isa = PBXFileReference; lastKnownFileType = sourcecode.c.h; path = BaseHomeViewIndex.h; sourceTree = "<group>"; };
		01E936F5200F4322000857DE /* BaseHomeViewIndex.m */ = {isa = PBXFileReference; lastKnownFileType = sourcecode.c.objc; path = BaseHomeViewIndex.m; sourceTree = "<group>"; };
		01E936F7200F4332000857DE /* BaseHomeViewModelIndex.h */ = {isa = PBXFileReference; lastKnownFileType = sourcecode.c.h; path = BaseHomeViewModelIndex.h; sourceTree = "<group>"; };
		01E936F8200F4332000857DE /* BaseHomeViewModelIndex.m */ = {isa = PBXFileReference; lastKnownFileType = sourcecode.c.objc; path = BaseHomeViewModelIndex.m; sourceTree = "<group>"; };
		01E936FA200F4345000857DE /* BaseAcctDataModelIndex.h */ = {isa = PBXFileReference; lastKnownFileType = sourcecode.c.h; path = BaseAcctDataModelIndex.h; sourceTree = "<group>"; };
		01E936FB200F4345000857DE /* BaseAcctDataModelIndex.m */ = {isa = PBXFileReference; lastKnownFileType = sourcecode.c.objc; path = BaseAcctDataModelIndex.m; sourceTree = "<group>"; };
		01E936FD200F4352000857DE /* BaseAcctViewIndex.h */ = {isa = PBXFileReference; lastKnownFileType = sourcecode.c.h; path = BaseAcctViewIndex.h; sourceTree = "<group>"; };
		01E936FE200F4352000857DE /* BaseAcctViewIndex.m */ = {isa = PBXFileReference; lastKnownFileType = sourcecode.c.objc; path = BaseAcctViewIndex.m; sourceTree = "<group>"; };
		01E93700200F4361000857DE /* BaseAcctViewModelIndex.h */ = {isa = PBXFileReference; lastKnownFileType = sourcecode.c.h; path = BaseAcctViewModelIndex.h; sourceTree = "<group>"; };
		01E93701200F4361000857DE /* BaseAcctViewModelIndex.m */ = {isa = PBXFileReference; lastKnownFileType = sourcecode.c.objc; path = BaseAcctViewModelIndex.m; sourceTree = "<group>"; };
		04B7AE2220FC333E00CC0806 /* AppDelegate.h */ = {isa = PBXFileReference; lastKnownFileType = sourcecode.c.h; path = AppDelegate.h; sourceTree = "<group>"; };
		04B7AE2320FC333E00CC0806 /* AppDelegate.m */ = {isa = PBXFileReference; lastKnownFileType = sourcecode.c.objc; path = AppDelegate.m; sourceTree = "<group>"; };
		04B7AE3F20FC8E1000CC0806 /* PrapPageModel.h */ = {isa = PBXFileReference; lastKnownFileType = sourcecode.c.h; path = PrapPageModel.h; sourceTree = "<group>"; };
		04B7AE4020FC8E1000CC0806 /* PrapPageModel.m */ = {isa = PBXFileReference; lastKnownFileType = sourcecode.c.objc; path = PrapPageModel.m; sourceTree = "<group>"; };
		1612D74C3096FA5BB949A2DD /* Pods-DemoPreoject.debug.xcconfig */ = {isa = PBXFileReference; includeInIndex = 1; lastKnownFileType = text.xcconfig; name = "Pods-DemoPreoject.debug.xcconfig"; path = "Pods/Target Support Files/Pods-DemoPreoject/Pods-DemoPreoject.debug.xcconfig"; sourceTree = "<group>"; };
		2030CC77D5136A0987625E4A /* Pods-DemoPreoject.release.xcconfig */ = {isa = PBXFileReference; includeInIndex = 1; lastKnownFileType = text.xcconfig; name = "Pods-DemoPreoject.release.xcconfig"; path = "Pods/Target Support Files/Pods-DemoPreoject/Pods-DemoPreoject.release.xcconfig"; sourceTree = "<group>"; };
		2F90837C1F3EFB638B153483 /* Pods-PrapCloud.release.xcconfig */ = {isa = PBXFileReference; includeInIndex = 1; lastKnownFileType = text.xcconfig; name = "Pods-PrapCloud.release.xcconfig"; path = "Pods/Target Support Files/Pods-PrapCloud/Pods-PrapCloud.release.xcconfig"; sourceTree = "<group>"; };
		63F7735AEA48B8DDC9E48585 /* libPods-PrapCloud.a */ = {isa = PBXFileReference; explicitFileType = archive.ar; includeInIndex = 0; path = "libPods-PrapCloud.a"; sourceTree = BUILT_PRODUCTS_DIR; };
		71D10F26A74C68F1A73D67D4 /* libPods-DemoPreoject.a */ = {isa = PBXFileReference; explicitFileType = archive.ar; includeInIndex = 0; path = "libPods-DemoPreoject.a"; sourceTree = BUILT_PRODUCTS_DIR; };
		84169FF81F99E9140082D5D1 /* PrefixHeaderConfigure.h */ = {isa = PBXFileReference; lastKnownFileType = sourcecode.c.h; path = PrefixHeaderConfigure.h; sourceTree = "<group>"; };
		84169FF91F99E9140082D5D1 /* PrefixHeaderConfigure.m */ = {isa = PBXFileReference; lastKnownFileType = sourcecode.c.objc; path = PrefixHeaderConfigure.m; sourceTree = "<group>"; };
		848EBAEE1F3D3CE6002170F8 /* DemoPreoject.app */ = {isa = PBXFileReference; explicitFileType = wrapper.application; includeInIndex = 0; path = DemoPreoject.app; sourceTree = BUILT_PRODUCTS_DIR; };
		848EBAFB1F3D3CE6002170F8 /* Base */ = {isa = PBXFileReference; lastKnownFileType = file.storyboard; name = Base; path = Base.lproj/Main.storyboard; sourceTree = "<group>"; };
		848EBAFD1F3D3CE6002170F8 /* Assets.xcassets */ = {isa = PBXFileReference; lastKnownFileType = folder.assetcatalog; path = Assets.xcassets; sourceTree = "<group>"; };
		848EBB001F3D3CE6002170F8 /* Base */ = {isa = PBXFileReference; lastKnownFileType = file.storyboard; name = Base; path = Base.lproj/LaunchScreen.storyboard; sourceTree = "<group>"; };
		848EBB091F3D3D57002170F8 /* Info.plist */ = {isa = PBXFileReference; fileEncoding = 4; lastKnownFileType = text.plist.xml; path = Info.plist; sourceTree = "<group>"; };
		848EBB0A1F3D3D57002170F8 /* main.m */ = {isa = PBXFileReference; fileEncoding = 4; lastKnownFileType = sourcecode.c.objc; path = main.m; sourceTree = "<group>"; };
		848EBB161F3D4145002170F8 /* RootViewController.h */ = {isa = PBXFileReference; fileEncoding = 4; lastKnownFileType = sourcecode.c.h; path = RootViewController.h; sourceTree = "<group>"; };
		848EBB171F3D4145002170F8 /* RootViewController.m */ = {isa = PBXFileReference; fileEncoding = 4; lastKnownFileType = sourcecode.c.objc; path = RootViewController.m; sourceTree = "<group>"; };
		848EBB2D1F3D4525002170F8 /* RootKeyWindowDataModel.h */ = {isa = PBXFileReference; fileEncoding = 4; lastKnownFileType = sourcecode.c.h; path = RootKeyWindowDataModel.h; sourceTree = "<group>"; };
		848EBB2E1F3D4525002170F8 /* RootKeyWindowDataModel.m */ = {isa = PBXFileReference; fileEncoding = 4; lastKnownFileType = sourcecode.c.objc; path = RootKeyWindowDataModel.m; sourceTree = "<group>"; };
		848EBB331F3D56ED002170F8 /* BarConfigure.plist */ = {isa = PBXFileReference; fileEncoding = 4; lastKnownFileType = text.plist.xml; path = BarConfigure.plist; sourceTree = "<group>"; };
		848EBB791F3D7966002170F8 /* PrefixHeader.pch */ = {isa = PBXFileReference; fileEncoding = 4; lastKnownFileType = sourcecode.c.h; path = PrefixHeader.pch; sourceTree = "<group>"; };
		848EBBBC1F3D80AB002170F8 /* DefineHeader.h */ = {isa = PBXFileReference; lastKnownFileType = sourcecode.c.h; path = DefineHeader.h; sourceTree = "<group>"; };
		848EBBBD1F3D80B5002170F8 /* ImportHeader.h */ = {isa = PBXFileReference; lastKnownFileType = sourcecode.c.h; path = ImportHeader.h; sourceTree = "<group>"; };
		848EBBBF1F3DA2D4002170F8 /* InfoPlist.strings */ = {isa = PBXFileReference; fileEncoding = 4; lastKnownFileType = text.plist.strings; path = InfoPlist.strings; sourceTree = "<group>"; };
		8A1DD3EAE2A45C526EEC3DB7 /* Pods-PrapCloud.debug.xcconfig */ = {isa = PBXFileReference; includeInIndex = 1; lastKnownFileType = text.xcconfig; name = "Pods-PrapCloud.debug.xcconfig"; path = "Pods/Target Support Files/Pods-PrapCloud/Pods-PrapCloud.debug.xcconfig"; sourceTree = "<group>"; };
/* End PBXFileReference section */

/* Begin PBXFrameworksBuildPhase section */
		848EBAEB1F3D3CE6002170F8 /* Frameworks */ = {
			isa = PBXFrameworksBuildPhase;
			buildActionMask = 2147483647;
			files = (
				20C9BE0EB72E2A2363E6EDAF /* libPods-PrapCloud.a in Frameworks */,
				4D6AC282F09F219EE7FB3F5A /* libPods-DemoPreoject.a in Frameworks */,
			);
			runOnlyForDeploymentPostprocessing = 0;
		};
/* End PBXFrameworksBuildPhase section */

/* Begin PBXGroup section */
		0111DA84202D2A5700459D12 /* ModuleTransform */ = {
			isa = PBXGroup;
			children = (
				0111DA8C202D2AFA00459D12 /* transform */,
				0111DA8F202D2B3200459D12 /* magic */,
				01DE1603202ED09400DA73D0 /* circleSpread */,
				01DE15EC202E976900DA73D0 /* detail */,
			);
			path = ModuleTransform;
			sourceTree = "<group>";
		};
		0111DA8C202D2AFA00459D12 /* transform */ = {
			isa = PBXGroup;
			children = (
				0111DA89202D2ACF00459D12 /* BaseTransformViewController.h */,
				0111DA8A202D2ACF00459D12 /* BaseTransformViewController.m */,
			);
			path = transform;
			sourceTree = "<group>";
		};
		0111DA8D202D2B1100459D12 /* home */ = {
			isa = PBXGroup;
			children = (
				019C7C3E200C9B3A00C8A423 /* C */,
				019C7C44200C9B5200C8A423 /* M */,
				019C7C43200C9B4D00C8A423 /* V */,
				019C7C42200C9B4800C8A423 /* VM */,
			);
			path = home;
			sourceTree = "<group>";
		};
		0111DA8E202D2B1D00459D12 /* acct */ = {
			isa = PBXGroup;
			children = (
				019C7C2C200C9A2E00C8A423 /* C */,
				019C7C33200C9A9300C8A423 /* M */,
				019C7C32200C9A8F00C8A423 /* V */,
				019C7C31200C9A8700C8A423 /* VM */,
			);
			path = acct;
			sourceTree = "<group>";
		};
		0111DA8F202D2B3200459D12 /* magic */ = {
			isa = PBXGroup;
			children = (
				0111DA95202D2FCF00459D12 /* C */,
				0111DA99202D344700459D12 /* V */,
			);
			path = magic;
			sourceTree = "<group>";
		};
		0111DA95202D2FCF00459D12 /* C */ = {
			isa = PBXGroup;
			children = (
				0111DA96202D2FF400459D12 /* BaseTransformMagicViewController.h */,
				0111DA97202D2FF400459D12 /* BaseTransformMagicViewController.m */,
			);
			path = C;
			sourceTree = "<group>";
		};
		0111DA99202D344700459D12 /* V */ = {
			isa = PBXGroup;
			children = (
				0111DA9A202D364700459D12 /* BaseTransformMagicCell.h */,
				0111DA9B202D364700459D12 /* BaseTransformMagicCell.m */,
			);
			path = V;
			sourceTree = "<group>";
		};
		0119105C2018D463004CE682 /* localHost */ = {
			isa = PBXGroup;
			children = (
				0111DA93202D2C2F00459D12 /* LocalHostData.plist */,
				0119105D2018D49E004CE682 /* PublicLocalHost.h */,
				0119105E2018D49E004CE682 /* PublicLocalHost.m */,
			);
			path = localHost;
			sourceTree = "<group>";
		};
		01461929205F459B00671008 /* imageShow */ = {
			isa = PBXGroup;
			children = (
				01461934205F4F1E00671008 /* PublicImageShowView.h */,
				01461933205F4F1E00671008 /* PublicImageShowView.m */,
				0146193A205F5F8400671008 /* V */,
				01461939205F5F7C00671008 /* VM */,
			);
			path = imageShow;
			sourceTree = "<group>";
		};
		0146192A205F45A400671008 /* layout */ = {
			isa = PBXGroup;
			children = (
				0146192C205F45BA00671008 /* PublicImageShowFlowLayout.h */,
				0146192B205F45BA00671008 /* PublicImageShowFlowLayout.m */,
			);
			path = layout;
			sourceTree = "<group>";
		};
		0146192E205F45C800671008 /* cell */ = {
			isa = PBXGroup;
			children = (
				01461930205F45D600671008 /* PublicImageShowCell.h */,
				0146192F205F45D600671008 /* PublicImageShowCell.m */,
			);
			path = cell;
			sourceTree = "<group>";
		};
		01461939205F5F7C00671008 /* VM */ = {
			isa = PBXGroup;
			children = (
				0146192A205F45A400671008 /* layout */,
			);
			path = VM;
			sourceTree = "<group>";
		};
		0146193A205F5F8400671008 /* V */ = {
			isa = PBXGroup;
			children = (
				0146192E205F45C800671008 /* cell */,
			);
			path = V;
			sourceTree = "<group>";
		};
		019C7C2C200C9A2E00C8A423 /* C */ = {
			isa = PBXGroup;
			children = (
				019C7C2D200C9A3B00C8A423 /* BaseAcctViewController.h */,
				019C7C2E200C9A3B00C8A423 /* BaseAcctViewController.m */,
			);
			path = C;
			sourceTree = "<group>";
		};
		019C7C31200C9A8700C8A423 /* VM */ = {
			isa = PBXGroup;
			children = (
				01E93700200F4361000857DE /* BaseAcctViewModelIndex.h */,
				01E93701200F4361000857DE /* BaseAcctViewModelIndex.m */,
			);
			path = VM;
			sourceTree = "<group>";
		};
		019C7C32200C9A8F00C8A423 /* V */ = {
			isa = PBXGroup;
			children = (
				01E936FD200F4352000857DE /* BaseAcctViewIndex.h */,
				01E936FE200F4352000857DE /* BaseAcctViewIndex.m */,
			);
			path = V;
			sourceTree = "<group>";
		};
		019C7C33200C9A9300C8A423 /* M */ = {
			isa = PBXGroup;
			children = (
				01E936FA200F4345000857DE /* BaseAcctDataModelIndex.h */,
				01E936FB200F4345000857DE /* BaseAcctDataModelIndex.m */,
			);
			path = M;
			sourceTree = "<group>";
		};
		019C7C3D200C9B3A00C8A423 /* ModuleHome */ = {
			isa = PBXGroup;
			children = (
				0111DA8D202D2B1100459D12 /* home */,
			);
			path = ModuleHome;
			sourceTree = "<group>";
		};
		019C7C3E200C9B3A00C8A423 /* C */ = {
			isa = PBXGroup;
			children = (
				019C7C40200C9B3A00C8A423 /* BaseHomeViewController.h */,
				019C7C3F200C9B3A00C8A423 /* BaseHomeViewController.m */,
			);
			path = C;
			sourceTree = "<group>";
		};
		019C7C42200C9B4800C8A423 /* VM */ = {
			isa = PBXGroup;
			children = (
				01E936F7200F4332000857DE /* BaseHomeViewModelIndex.h */,
				01E936F8200F4332000857DE /* BaseHomeViewModelIndex.m */,
			);
			path = VM;
			sourceTree = "<group>";
		};
		019C7C43200C9B4D00C8A423 /* V */ = {
			isa = PBXGroup;
			children = (
				01E936F4200F4322000857DE /* BaseHomeViewIndex.h */,
				01E936F5200F4322000857DE /* BaseHomeViewIndex.m */,
			);
			path = V;
			sourceTree = "<group>";
		};
		019C7C44200C9B5200C8A423 /* M */ = {
			isa = PBXGroup;
			children = (
				01E936F1200F430C000857DE /* BaseHomeDataModelIndex.h */,
				01E936F2200F430C000857DE /* BaseHomeDataModelIndex.m */,
			);
			path = M;
			sourceTree = "<group>";
		};
		019C7C45200C9B7800C8A423 /* PublicCode */ = {
			isa = PBXGroup;
			children = (
			);
			path = PublicCode;
			sourceTree = "<group>";
		};
		019C7C47200C9F5D00C8A423 /* Utils */ = {
			isa = PBXGroup;
			children = (
				019C7C51200CA10100C8A423 /* Component */,
				019C7C50200CA0F600C8A423 /* M */,
				019C7C4F200CA0F100C8A423 /* V */,
				019C7C4E200CA0E500C8A423 /* VM */,
			);
			path = Utils;
			sourceTree = "<group>";
		};
		019C7C48200C9F7D00C8A423 /* Router */ = {
			isa = PBXGroup;
			children = (
				019C7C4A200C9F7D00C8A423 /* RouterForm.plist */,
				04B7AE3F20FC8E1000CC0806 /* PrapPageModel.h */,
				04B7AE4020FC8E1000CC0806 /* PrapPageModel.m */,
			);
			path = Router;
			sourceTree = "<group>";
		};
		019C7C4E200CA0E500C8A423 /* VM */ = {
			isa = PBXGroup;
			children = (
				01DE15F0202E9C1C00DA73D0 /* pageTransform */,
				0119105C2018D463004CE682 /* localHost */,
				019C7C52200CA11200C8A423 /* List */,
			);
			path = VM;
			sourceTree = "<group>";
		};
		019C7C4F200CA0F100C8A423 /* V */ = {
			isa = PBXGroup;
			children = (
			);
			path = V;
			sourceTree = "<group>";
		};
		019C7C50200CA0F600C8A423 /* M */ = {
			isa = PBXGroup;
			children = (
			);
			path = M;
			sourceTree = "<group>";
		};
		019C7C51200CA10100C8A423 /* Component */ = {
			isa = PBXGroup;
			children = (
				01461929205F459B00671008 /* imageShow */,
			);
			path = Component;
			sourceTree = "<group>";
		};
		019C7C52200CA11200C8A423 /* List */ = {
			isa = PBXGroup;
			children = (
				019C7C53200CA12400C8A423 /* PublicListViewModelDelegate.h */,
				019C7C54200CA1B400C8A423 /* PublicListViewModel.h */,
				019C7C55200CA1B400C8A423 /* PublicListViewModel.m */,
			);
			path = List;
			sourceTree = "<group>";
		};
		01DE15EC202E976900DA73D0 /* detail */ = {
			isa = PBXGroup;
			children = (
				01DE15F7202EB78300DA73D0 /* C */,
				01DE15F6202EB77900DA73D0 /* V */,
			);
			path = detail;
			sourceTree = "<group>";
		};
		01DE15F0202E9C1C00DA73D0 /* pageTransform */ = {
			isa = PBXGroup;
			children = (
				01DE15FB202ECC4C00DA73D0 /* circleSpread */,
				01DE15F1202E9C1C00DA73D0 /* magic */,
			);
			path = pageTransform;
			sourceTree = "<group>";
		};
		01DE15F1202E9C1C00DA73D0 /* magic */ = {
			isa = PBXGroup;
			children = (
				01DE15F5202E9C6E00DA73D0 /* PublicPageMagicTransformDelegate.h */,
				01DE15F3202E9C1C00DA73D0 /* PublicPageMagicTransformViewModel.h */,
				01DE15F2202E9C1C00DA73D0 /* PublicPageMagicTransformViewModel.m */,
			);
			path = magic;
			sourceTree = "<group>";
		};
		01DE15F6202EB77900DA73D0 /* V */ = {
			isa = PBXGroup;
			children = (
				01DE15F8202EB7B200DA73D0 /* BaseTransformDetailViewIndex.h */,
				01DE15F9202EB7B200DA73D0 /* BaseTransformDetailViewIndex.m */,
			);
			path = V;
			sourceTree = "<group>";
		};
		01DE15F7202EB78300DA73D0 /* C */ = {
			isa = PBXGroup;
			children = (
				01DE15ED202E97A900DA73D0 /* BaseTransformDetailViewController.h */,
				01DE15EE202E97A900DA73D0 /* BaseTransformDetailViewController.m */,
			);
			path = C;
			sourceTree = "<group>";
		};
		01DE15FB202ECC4C00DA73D0 /* circleSpread */ = {
			isa = PBXGroup;
			children = (
				01DE160F202EDC6200DA73D0 /* viewController */,
				01DE15FF202ECC8B00DA73D0 /* PublicPageCircleSpreadTransformDelegate.h */,
				01DE1600202ECD2500DA73D0 /* PublicPageCircleSpreadTransformViewModel.h */,
				01DE1601202ECD2500DA73D0 /* PublicPageCircleSpreadTransformViewModel.m */,
			);
			path = circleSpread;
			sourceTree = "<group>";
		};
		01DE1603202ED09400DA73D0 /* circleSpread */ = {
			isa = PBXGroup;
			children = (
				01DE1605202ED0E200DA73D0 /* C */,
				01DE1604202ED0DF00DA73D0 /* V */,
			);
			path = circleSpread;
			sourceTree = "<group>";
		};
		01DE1604202ED0DF00DA73D0 /* V */ = {
			isa = PBXGroup;
			children = (
				01DE1609202ED14E00DA73D0 /* BaseTransformCircleSpreadViewIndex.h */,
				01DE160A202ED14E00DA73D0 /* BaseTransformCircleSpreadViewIndex.m */,
			);
			path = V;
			sourceTree = "<group>";
		};
		01DE1605202ED0E200DA73D0 /* C */ = {
			isa = PBXGroup;
			children = (
				01DE160C202ED54A00DA73D0 /* BaseTransformCircleSpreadViewController.h */,
				01DE160D202ED54A00DA73D0 /* BaseTransformCircleSpreadViewController.m */,
			);
			path = C;
			sourceTree = "<group>";
		};
		01DE160F202EDC6200DA73D0 /* viewController */ = {
			isa = PBXGroup;
			children = (
				01DE1613202EDCB200DA73D0 /* UIViewController+PTGetController.h */,
				01DE1614202EDCB200DA73D0 /* UIViewController+PTGetController.m */,
			);
			path = viewController;
			sourceTree = "<group>";
		};
		6991933FEE9A937432B64A14 /* Frameworks */ = {
			isa = PBXGroup;
			children = (
				63F7735AEA48B8DDC9E48585 /* libPods-PrapCloud.a */,
				71D10F26A74C68F1A73D67D4 /* libPods-DemoPreoject.a */,
			);
			name = Frameworks;
			sourceTree = "<group>";
		};
		848EBAE51F3D3CE6002170F8 = {
			isa = PBXGroup;
			children = (
				848EBAF01F3D3CE6002170F8 /* DemoPreoject */,
				848EBAEF1F3D3CE6002170F8 /* Products */,
				BC22F02CB093CF45D027996E /* Pods */,
				6991933FEE9A937432B64A14 /* Frameworks */,
			);
			sourceTree = "<group>";
		};
		848EBAEF1F3D3CE6002170F8 /* Products */ = {
			isa = PBXGroup;
			children = (
				848EBAEE1F3D3CE6002170F8 /* DemoPreoject.app */,
			);
			name = Products;
			sourceTree = "<group>";
		};
		848EBAF01F3D3CE6002170F8 /* DemoPreoject */ = {
			isa = PBXGroup;
			children = (
				019C7C48200C9F7D00C8A423 /* Router */,
				848EBB7B1F3D7A04002170F8 /* CodeFeed */,
				848EBB781F3D7966002170F8 /* PrefixHeader */,
				019C7C47200C9F5D00C8A423 /* Utils */,
				848EBB081F3D3D57002170F8 /* Supporting Files */,
				848EBAFA1F3D3CE6002170F8 /* Main.storyboard */,
				848EBAFD1F3D3CE6002170F8 /* Assets.xcassets */,
				848EBAFF1F3D3CE6002170F8 /* LaunchScreen.storyboard */,
			);
			path = DemoPreoject;
			sourceTree = "<group>";
		};
		848EBB081F3D3D57002170F8 /* Supporting Files */ = {
			isa = PBXGroup;
			children = (
				8498615D1F7B9AA700DD8BA0 /* TabBar */,
				849861591F7B9A8500DD8BA0 /* APPDelegate */,
				848EBB091F3D3D57002170F8 /* Info.plist */,
				848EBBBF1F3DA2D4002170F8 /* InfoPlist.strings */,
				848EBB0A1F3D3D57002170F8 /* main.m */,
			);
			path = "Supporting Files";
			sourceTree = "<group>";
		};
		848EBB781F3D7966002170F8 /* PrefixHeader */ = {
			isa = PBXGroup;
			children = (
				848EBB791F3D7966002170F8 /* PrefixHeader.pch */,
				848EBBBC1F3D80AB002170F8 /* DefineHeader.h */,
				848EBBBD1F3D80B5002170F8 /* ImportHeader.h */,
				84169FF81F99E9140082D5D1 /* PrefixHeaderConfigure.h */,
				84169FF91F99E9140082D5D1 /* PrefixHeaderConfigure.m */,
			);
			path = PrefixHeader;
			sourceTree = "<group>";
		};
		848EBB7B1F3D7A04002170F8 /* CodeFeed */ = {
			isa = PBXGroup;
			children = (
				019C7C45200C9B7800C8A423 /* PublicCode */,
				848EBB7C1F3D7A04002170F8 /* EntityCode */,
			);
			path = CodeFeed;
			sourceTree = "<group>";
		};
		848EBB7C1F3D7A04002170F8 /* EntityCode */ = {
			isa = PBXGroup;
			children = (
				0111DA84202D2A5700459D12 /* ModuleTransform */,
				019C7C3D200C9B3A00C8A423 /* ModuleHome */,
				848EBB7D1F3D7A04002170F8 /* ModuleAcct */,
			);
			path = EntityCode;
			sourceTree = "<group>";
		};
		848EBB7D1F3D7A04002170F8 /* ModuleAcct */ = {
			isa = PBXGroup;
			children = (
				0111DA8E202D2B1D00459D12 /* acct */,
			);
			path = ModuleAcct;
			sourceTree = "<group>";
		};
		849861591F7B9A8500DD8BA0 /* APPDelegate */ = {
			isa = PBXGroup;
			children = (
				04B7AE2220FC333E00CC0806 /* AppDelegate.h */,
				04B7AE2320FC333E00CC0806 /* AppDelegate.m */,
			);
			path = APPDelegate;
			sourceTree = "<group>";
		};
		8498615D1F7B9AA700DD8BA0 /* TabBar */ = {
			isa = PBXGroup;
			children = (
				8498615F1F7B9AE500DD8BA0 /* M */,
				8498615E1F7B9ACC00DD8BA0 /* C */,
			);
			path = TabBar;
			sourceTree = "<group>";
		};
		8498615E1F7B9ACC00DD8BA0 /* C */ = {
			isa = PBXGroup;
			children = (
				848EBB161F3D4145002170F8 /* RootViewController.h */,
				848EBB171F3D4145002170F8 /* RootViewController.m */,
			);
			path = C;
			sourceTree = "<group>";
		};
		8498615F1F7B9AE500DD8BA0 /* M */ = {
			isa = PBXGroup;
			children = (
				848EBB331F3D56ED002170F8 /* BarConfigure.plist */,
				848EBB2D1F3D4525002170F8 /* RootKeyWindowDataModel.h */,
				848EBB2E1F3D4525002170F8 /* RootKeyWindowDataModel.m */,
			);
			path = M;
			sourceTree = "<group>";
		};
		BC22F02CB093CF45D027996E /* Pods */ = {
			isa = PBXGroup;
			children = (
				8A1DD3EAE2A45C526EEC3DB7 /* Pods-PrapCloud.debug.xcconfig */,
				2F90837C1F3EFB638B153483 /* Pods-PrapCloud.release.xcconfig */,
				1612D74C3096FA5BB949A2DD /* Pods-DemoPreoject.debug.xcconfig */,
				2030CC77D5136A0987625E4A /* Pods-DemoPreoject.release.xcconfig */,
			);
			name = Pods;
			sourceTree = "<group>";
		};
/* End PBXGroup section */

/* Begin PBXNativeTarget section */
		848EBAED1F3D3CE6002170F8 /* DemoPreoject */ = {
			isa = PBXNativeTarget;
			buildConfigurationList = 848EBB051F3D3CE6002170F8 /* Build configuration list for PBXNativeTarget "DemoPreoject" */;
			buildPhases = (
				FA476E7279A5FEFF9EBC00DD /* [CP] Check Pods Manifest.lock */,
				848EBAEA1F3D3CE6002170F8 /* Sources */,
				848EBAEB1F3D3CE6002170F8 /* Frameworks */,
				848EBAEC1F3D3CE6002170F8 /* Resources */,
				F09C057C3547C069B6FD2667 /* [CP] Embed Pods Frameworks */,
				9AAEF75D743DA565D66702E8 /* [CP] Copy Pods Resources */,
			);
			buildRules = (
			);
			dependencies = (
			);
			name = DemoPreoject;
			productName = ExampleProjectDemo;
			productReference = 848EBAEE1F3D3CE6002170F8 /* DemoPreoject.app */;
			productType = "com.apple.product-type.application";
		};
/* End PBXNativeTarget section */

/* Begin PBXProject section */
		848EBAE61F3D3CE6002170F8 /* Project object */ = {
			isa = PBXProject;
			attributes = {
				LastUpgradeCheck = 0940;
				ORGANIZATIONNAME = juyuanGroup;
				TargetAttributes = {
					848EBAED1F3D3CE6002170F8 = {
						CreatedOnToolsVersion = 8.3.3;
						DevelopmentTeam = FFC452564N;
						ProvisioningStyle = Automatic;
					};
				};
			};
			buildConfigurationList = 848EBAE91F3D3CE6002170F8 /* Build configuration list for PBXProject "DemoPreoject" */;
			compatibilityVersion = "Xcode 3.2";
			developmentRegion = English;
			hasScannedForEncodings = 0;
			knownRegions = (
				en,
				Base,
			);
			mainGroup = 848EBAE51F3D3CE6002170F8;
			productRefGroup = 848EBAEF1F3D3CE6002170F8 /* Products */;
			projectDirPath = "";
			projectRoot = "";
			targets = (
				848EBAED1F3D3CE6002170F8 /* DemoPreoject */,
			);
		};
/* End PBXProject section */

/* Begin PBXResourcesBuildPhase section */
		848EBAEC1F3D3CE6002170F8 /* Resources */ = {
			isa = PBXResourcesBuildPhase;
			buildActionMask = 2147483647;
			files = (
				848EBB341F3D56ED002170F8 /* BarConfigure.plist in Resources */,
				019C7C4D200C9F7D00C8A423 /* RouterForm.plist in Resources */,
				848EBBC01F3DA2D4002170F8 /* InfoPlist.strings in Resources */,
				0111DA94202D2C2F00459D12 /* LocalHostData.plist in Resources */,
				848EBB011F3D3CE6002170F8 /* LaunchScreen.storyboard in Resources */,
				848EBAFE1F3D3CE6002170F8 /* Assets.xcassets in Resources */,
				848EBAFC1F3D3CE6002170F8 /* Main.storyboard in Resources */,
			);
			runOnlyForDeploymentPostprocessing = 0;
		};
/* End PBXResourcesBuildPhase section */

/* Begin PBXShellScriptBuildPhase section */
		9AAEF75D743DA565D66702E8 /* [CP] Copy Pods Resources */ = {
			isa = PBXShellScriptBuildPhase;
			buildActionMask = 2147483647;
			files = (
			);
			inputPaths = (
				"${SRCROOT}/Pods/Target Support Files/Pods-ExampleProjectDemo/Pods-ExampleProjectDemo-resources.sh",
				"${PODS_ROOT}/MJRefresh/MJRefresh/MJRefresh.bundle",
				"${PODS_ROOT}/SAMKeychain/Support/SAMKeychain.bundle",
			);
			name = "[CP] Copy Pods Resources";
			outputPaths = (
				"${TARGET_BUILD_DIR}/${UNLOCALIZED_RESOURCES_FOLDER_PATH}",
			);
			runOnlyForDeploymentPostprocessing = 0;
			shellPath = /bin/sh;
			shellScript = "\"${SRCROOT}/Pods/Target Support Files/Pods-DemoPreoject/Pods-DemoPreoject-resources.sh\"\n";
			showEnvVarsInLog = 0;
		};
		F09C057C3547C069B6FD2667 /* [CP] Embed Pods Frameworks */ = {
			isa = PBXShellScriptBuildPhase;
			buildActionMask = 2147483647;
			files = (
			);
			inputPaths = (
			);
			name = "[CP] Embed Pods Frameworks";
			outputPaths = (
			);
			runOnlyForDeploymentPostprocessing = 0;
			shellPath = /bin/sh;
			shellScript = "\"${SRCROOT}/Pods/Target Support Files/Pods-DemoPreoject/Pods-DemoPreoject-frameworks.sh\"\n";
			showEnvVarsInLog = 0;
		};
		FA476E7279A5FEFF9EBC00DD /* [CP] Check Pods Manifest.lock */ = {
			isa = PBXShellScriptBuildPhase;
			buildActionMask = 2147483647;
			files = (
			);
			inputPaths = (
				"${PODS_PODFILE_DIR_PATH}/Podfile.lock",
				"${PODS_ROOT}/Manifest.lock",
			);
			name = "[CP] Check Pods Manifest.lock";
			outputPaths = (
				"$(DERIVED_FILE_DIR)/Pods-DemoPreoject-checkManifestLockResult.txt",
			);
			runOnlyForDeploymentPostprocessing = 0;
			shellPath = /bin/sh;
			shellScript = "diff \"${PODS_PODFILE_DIR_PATH}/Podfile.lock\" \"${PODS_ROOT}/Manifest.lock\" > /dev/null\nif [ $? != 0 ] ; then\n    # print error to STDERR\n    echo \"error: The sandbox is not in sync with the Podfile.lock. Run 'pod install' or update your CocoaPods installation.\" >&2\n    exit 1\nfi\n# This output is used by Xcode 'outputs' to avoid re-running this script phase.\necho \"SUCCESS\" > \"${SCRIPT_OUTPUT_FILE_0}\"\n";
			showEnvVarsInLog = 0;
		};
/* End PBXShellScriptBuildPhase section */

/* Begin PBXSourcesBuildPhase section */
		848EBAEA1F3D3CE6002170F8 /* Sources */ = {
			isa = PBXSourcesBuildPhase;
			buildActionMask = 2147483647;
			files = (
				01E936FC200F4345000857DE /* BaseAcctDataModelIndex.m in Sources */,
				01DE1615202EDCB200DA73D0 /* UIViewController+PTGetController.m in Sources */,
				01DE1602202ECD2500DA73D0 /* PublicPageCircleSpreadTransformViewModel.m in Sources */,
				84169FFA1F99E9140082D5D1 /* PrefixHeaderConfigure.m in Sources */,
				019C7C56200CA1B400C8A423 /* PublicListViewModel.m in Sources */,
				0119105F2018D49E004CE682 /* PublicLocalHost.m in Sources */,
				01E936F6200F4322000857DE /* BaseHomeViewIndex.m in Sources */,
				01DE160E202ED54A00DA73D0 /* BaseTransformCircleSpreadViewController.m in Sources */,
				01DE15EF202E97A900DA73D0 /* BaseTransformDetailViewController.m in Sources */,
				848EBB2F1F3D4525002170F8 /* RootKeyWindowDataModel.m in Sources */,
				01461935205F4F1F00671008 /* PublicImageShowView.m in Sources */,
				0111DA8B202D2ACF00459D12 /* BaseTransformViewController.m in Sources */,
				04B7AE4120FC8E1000CC0806 /* PrapPageModel.m in Sources */,
				04B7AE2420FC333E00CC0806 /* AppDelegate.m in Sources */,
				01E93702200F4361000857DE /* BaseAcctViewModelIndex.m in Sources */,
				0111DA9C202D364700459D12 /* BaseTransformMagicCell.m in Sources */,
				01DE15FA202EB7B200DA73D0 /* BaseTransformDetailViewIndex.m in Sources */,
				848EBB0C1F3D3D57002170F8 /* main.m in Sources */,
				0146192D205F45BA00671008 /* PublicImageShowFlowLayout.m in Sources */,
				01DE15F4202E9C1C00DA73D0 /* PublicPageMagicTransformViewModel.m in Sources */,
				01E936F9200F4332000857DE /* BaseHomeViewModelIndex.m in Sources */,
				0111DA98202D2FF400459D12 /* BaseTransformMagicViewController.m in Sources */,
				01E936FF200F4352000857DE /* BaseAcctViewIndex.m in Sources */,
				01DE160B202ED14E00DA73D0 /* BaseTransformCircleSpreadViewIndex.m in Sources */,
				01461931205F45D600671008 /* PublicImageShowCell.m in Sources */,
				019C7C41200C9B3A00C8A423 /* BaseHomeViewController.m in Sources */,
				019C7C2F200C9A3B00C8A423 /* BaseAcctViewController.m in Sources */,
				01E936F3200F430C000857DE /* BaseHomeDataModelIndex.m in Sources */,
				848EBB181F3D4145002170F8 /* RootViewController.m in Sources */,
			);
			runOnlyForDeploymentPostprocessing = 0;
		};
/* End PBXSourcesBuildPhase section */

/* Begin PBXVariantGroup section */
		848EBAFA1F3D3CE6002170F8 /* Main.storyboard */ = {
			isa = PBXVariantGroup;
			children = (
				848EBAFB1F3D3CE6002170F8 /* Base */,
			);
			name = Main.storyboard;
			sourceTree = "<group>";
		};
		848EBAFF1F3D3CE6002170F8 /* LaunchScreen.storyboard */ = {
			isa = PBXVariantGroup;
			children = (
				848EBB001F3D3CE6002170F8 /* Base */,
			);
			name = LaunchScreen.storyboard;
			sourceTree = "<group>";
		};
/* End PBXVariantGroup section */

/* Begin XCBuildConfiguration section */
		848EBB031F3D3CE6002170F8 /* Debug */ = {
			isa = XCBuildConfiguration;
			buildSettings = {
				ALWAYS_SEARCH_USER_PATHS = NO;
				CLANG_ANALYZER_NONNULL = YES;
				CLANG_ANALYZER_NUMBER_OBJECT_CONVERSION = YES_AGGRESSIVE;
				CLANG_CXX_LANGUAGE_STANDARD = "gnu++0x";
				CLANG_CXX_LIBRARY = "libc++";
				CLANG_ENABLE_MODULES = YES;
				CLANG_ENABLE_OBJC_ARC = YES;
				CLANG_WARN_BLOCK_CAPTURE_AUTORELEASING = YES;
				CLANG_WARN_BOOL_CONVERSION = YES;
				CLANG_WARN_COMMA = YES;
				CLANG_WARN_CONSTANT_CONVERSION = YES;
				CLANG_WARN_DEPRECATED_OBJC_IMPLEMENTATIONS = YES;
				CLANG_WARN_DIRECT_OBJC_ISA_USAGE = YES_ERROR;
				CLANG_WARN_DOCUMENTATION_COMMENTS = YES;
				CLANG_WARN_EMPTY_BODY = YES;
				CLANG_WARN_ENUM_CONVERSION = YES;
				CLANG_WARN_INFINITE_RECURSION = YES;
				CLANG_WARN_INT_CONVERSION = YES;
				CLANG_WARN_NON_LITERAL_NULL_CONVERSION = YES;
				CLANG_WARN_OBJC_IMPLICIT_RETAIN_SELF = YES;
				CLANG_WARN_OBJC_LITERAL_CONVERSION = YES;
				CLANG_WARN_OBJC_ROOT_CLASS = YES_ERROR;
				CLANG_WARN_RANGE_LOOP_ANALYSIS = YES;
				CLANG_WARN_STRICT_PROTOTYPES = YES;
				CLANG_WARN_SUSPICIOUS_MOVE = YES;
				CLANG_WARN_UNREACHABLE_CODE = YES;
				CLANG_WARN__DUPLICATE_METHOD_MATCH = YES;
				"CODE_SIGN_IDENTITY[sdk=iphoneos*]" = "iPhone Developer";
				COPY_PHASE_STRIP = NO;
				DEBUG_INFORMATION_FORMAT = dwarf;
				ENABLE_STRICT_OBJC_MSGSEND = YES;
				ENABLE_TESTABILITY = YES;
				GCC_C_LANGUAGE_STANDARD = gnu99;
				GCC_DYNAMIC_NO_PIC = NO;
				GCC_NO_COMMON_BLOCKS = YES;
				GCC_OPTIMIZATION_LEVEL = 0;
				GCC_PREPROCESSOR_DEFINITIONS = (
					"DEBUG=1",
					"$(inherited)",
				);
				GCC_WARN_64_TO_32_BIT_CONVERSION = YES;
				GCC_WARN_ABOUT_RETURN_TYPE = YES_ERROR;
				GCC_WARN_UNDECLARED_SELECTOR = YES;
				GCC_WARN_UNINITIALIZED_AUTOS = YES_AGGRESSIVE;
				GCC_WARN_UNUSED_FUNCTION = YES;
				GCC_WARN_UNUSED_VARIABLE = YES;
				IPHONEOS_DEPLOYMENT_TARGET = 9.0;
				MTL_ENABLE_DEBUG_INFO = YES;
				ONLY_ACTIVE_ARCH = YES;
				SDKROOT = iphoneos;
				TARGETED_DEVICE_FAMILY = "1,2";
			};
			name = Debug;
		};
		848EBB041F3D3CE6002170F8 /* Release */ = {
			isa = XCBuildConfiguration;
			buildSettings = {
				ALWAYS_SEARCH_USER_PATHS = NO;
				CLANG_ANALYZER_NONNULL = YES;
				CLANG_ANALYZER_NUMBER_OBJECT_CONVERSION = YES_AGGRESSIVE;
				CLANG_CXX_LANGUAGE_STANDARD = "gnu++0x";
				CLANG_CXX_LIBRARY = "libc++";
				CLANG_ENABLE_MODULES = YES;
				CLANG_ENABLE_OBJC_ARC = YES;
				CLANG_WARN_BLOCK_CAPTURE_AUTORELEASING = YES;
				CLANG_WARN_BOOL_CONVERSION = YES;
				CLANG_WARN_COMMA = YES;
				CLANG_WARN_CONSTANT_CONVERSION = YES;
				CLANG_WARN_DEPRECATED_OBJC_IMPLEMENTATIONS = YES;
				CLANG_WARN_DIRECT_OBJC_ISA_USAGE = YES_ERROR;
				CLANG_WARN_DOCUMENTATION_COMMENTS = YES;
				CLANG_WARN_EMPTY_BODY = YES;
				CLANG_WARN_ENUM_CONVERSION = YES;
				CLANG_WARN_INFINITE_RECURSION = YES;
				CLANG_WARN_INT_CONVERSION = YES;
				CLANG_WARN_NON_LITERAL_NULL_CONVERSION = YES;
				CLANG_WARN_OBJC_IMPLICIT_RETAIN_SELF = YES;
				CLANG_WARN_OBJC_LITERAL_CONVERSION = YES;
				CLANG_WARN_OBJC_ROOT_CLASS = YES_ERROR;
				CLANG_WARN_RANGE_LOOP_ANALYSIS = YES;
				CLANG_WARN_STRICT_PROTOTYPES = YES;
				CLANG_WARN_SUSPICIOUS_MOVE = YES;
				CLANG_WARN_UNREACHABLE_CODE = YES;
				CLANG_WARN__DUPLICATE_METHOD_MATCH = YES;
				"CODE_SIGN_IDENTITY[sdk=iphoneos*]" = "iPhone Developer";
				COPY_PHASE_STRIP = NO;
				DEBUG_INFORMATION_FORMAT = "dwarf-with-dsym";
				ENABLE_NS_ASSERTIONS = NO;
				ENABLE_STRICT_OBJC_MSGSEND = YES;
				GCC_C_LANGUAGE_STANDARD = gnu99;
				GCC_NO_COMMON_BLOCKS = YES;
				GCC_WARN_64_TO_32_BIT_CONVERSION = YES;
				GCC_WARN_ABOUT_RETURN_TYPE = YES_ERROR;
				GCC_WARN_UNDECLARED_SELECTOR = YES;
				GCC_WARN_UNINITIALIZED_AUTOS = YES_AGGRESSIVE;
				GCC_WARN_UNUSED_FUNCTION = YES;
				GCC_WARN_UNUSED_VARIABLE = YES;
				IPHONEOS_DEPLOYMENT_TARGET = 9.0;
				MTL_ENABLE_DEBUG_INFO = NO;
				SDKROOT = iphoneos;
				TARGETED_DEVICE_FAMILY = "1,2";
				VALIDATE_PRODUCT = YES;
			};
			name = Release;
		};
		848EBB061F3D3CE6002170F8 /* Debug */ = {
			isa = XCBuildConfiguration;
			baseConfigurationReference = 1612D74C3096FA5BB949A2DD /* Pods-DemoPreoject.debug.xcconfig */;
			buildSettings = {
				ASSETCATALOG_COMPILER_APPICON_NAME = AppIcon;
				DEVELOPMENT_TEAM = FFC452564N;
				GCC_PRECOMPILE_PREFIX_HEADER = YES;
				GCC_PREFIX_HEADER = "$(SRCROOT)/$(TARGET_NAME)/PrefixHeader/PrefixHeader.pch";
				INFOPLIST_FILE = "$(SRCROOT)/DemoPreoject/Supporting Files/Info.plist";
				LD_RUNPATH_SEARCH_PATHS = "$(inherited) @executable_path/Frameworks";
				PRODUCT_BUNDLE_IDENTIFIER = ocomme.example;
				PRODUCT_NAME = "$(TARGET_NAME)";
				TARGETED_DEVICE_FAMILY = 1;
			};
			name = Debug;
		};
		848EBB071F3D3CE6002170F8 /* Release */ = {
			isa = XCBuildConfiguration;
			baseConfigurationReference = 2030CC77D5136A0987625E4A /* Pods-DemoPreoject.release.xcconfig */;
			buildSettings = {
				ASSETCATALOG_COMPILER_APPICON_NAME = AppIcon;
				DEVELOPMENT_TEAM = FFC452564N;
				GCC_PRECOMPILE_PREFIX_HEADER = YES;
				GCC_PREFIX_HEADER = "$(SRCROOT)/$(TARGET_NAME)/PrefixHeader/PrefixHeader.pch";
				INFOPLIST_FILE = "$(SRCROOT)/DemoPreoject/Supporting Files/Info.plist";
				LD_RUNPATH_SEARCH_PATHS = "$(inherited) @executable_path/Frameworks";
				PRODUCT_BUNDLE_IDENTIFIER = ocomme.example;
				PRODUCT_NAME = "$(TARGET_NAME)";
				TARGETED_DEVICE_FAMILY = 1;
			};
			name = Release;
		};
/* End XCBuildConfiguration section */

/* Begin XCConfigurationList section */
		848EBAE91F3D3CE6002170F8 /* Build configuration list for PBXProject "DemoPreoject" */ = {
			isa = XCConfigurationList;
			buildConfigurations = (
				848EBB031F3D3CE6002170F8 /* Debug */,
				848EBB041F3D3CE6002170F8 /* Release */,
			);
			defaultConfigurationIsVisible = 0;
			defaultConfigurationName = Release;
		};
		848EBB051F3D3CE6002170F8 /* Build configuration list for PBXNativeTarget "DemoPreoject" */ = {
			isa = XCConfigurationList;
			buildConfigurations = (
				848EBB061F3D3CE6002170F8 /* Debug */,
				848EBB071F3D3CE6002170F8 /* Release */,
			);
			defaultConfigurationIsVisible = 0;
			defaultConfigurationName = Release;
		};
/* End XCConfigurationList section */
	};
	rootObject = 848EBAE61F3D3CE6002170F8 /* Project object */;
}
