PODS:
  - Alamofire (4.7.3)
  - Aspects (1.4.1)
  - DZNEmptyDataSet (1.8.1)
  - HandyJSON (4.2.0)
  - Kingfisher (4.10.0)
  - MagicalRecord (2.3.2):
    - MagicalRecord/Core (= 2.3.2)
  - MagicalRecord/Core (2.3.2)
  - MJRefresh (3.1.15.7)
  - SnapKit (4.2.0)

DEPENDENCIES:
  - Alamofire
  - Aspects
  - DZNEmptyDataSet
  - HandyJSON
  - Kingfisher
  - MagicalRecord
  - MJRefresh
  - SnapKit

SPEC REPOS:
  https://github.com/cocoapods/specs.git:
    - Alamofire
    - Aspects
    - DZNEmptyDataSet
    - HandyJSON
    - Kingfisher
    - MagicalRecord
    - MJRefresh
    - SnapKit

SPEC CHECKSUMS:
  Alamofire: c7287b6e5d7da964a70935e5db17046b7fde6568
  Aspects: 7595ba96a6727a58ebcbfc954497fc5d2fdde546
  DZNEmptyDataSet: 9525833b9e68ac21c30253e1d3d7076cc828eaa7
  HandyJSON: 9dfc026c7d7adc1f0f8ba8b181495f0e0763b0f4
  Kingfisher: 43c4b802d8b5256cf1f4379e9cd10b329be6d3e2
  MagicalRecord: 53bed74b4323b930992a725be713e53b37d19755
  MJRefresh: 697f8ec75ebdbe9207767bb682cf0f51b0d8a41f
  SnapKit: fe8a619752f3f27075cc9a90244d75c6c3f27e2a

PODFILE CHECKSUM: addc26abcd8a83d185db2081cc390a13adc80ace

COCOAPODS: 1.5.3
